// !$*UTF8*$!
{
	archiveVersion = 1;
	classes = {
	};
	objectVersion = 51;
	objects = {

/* Begin PBXBuildFile section */
		2502A94325E9EB0100919251 /* ImageCache.swift in Sources */ = {isa = PBXBuildFile; fileRef = 2502A94225E9EB0100919251 /* ImageCache.swift */; };
		2502A95525E9FB9100919251 /* ImageResize.swift in Sources */ = {isa = PBXBuildFile; fileRef = 2502A95425E9FB9100919251 /* ImageResize.swift */; };
		2502A96125EA678700919251 /* PlayerStat.xib in Resources */ = {isa = PBXBuildFile; fileRef = 2502A96025EA678700919251 /* PlayerStat.xib */; };
		2502A96625EA914900919251 /* PlayerStatView.swift in Sources */ = {isa = PBXBuildFile; fileRef = 2502A96525EA914900919251 /* PlayerStatView.swift */; };
		2529800C253AB96200ECEE6E /* AppDelegate.swift in Sources */ = {isa = PBXBuildFile; fileRef = 2529800B253AB96200ECEE6E /* AppDelegate.swift */; };
		2529800E253AB96200ECEE6E /* SceneDelegate.swift in Sources */ = {isa = PBXBuildFile; fileRef = 2529800D253AB96200ECEE6E /* SceneDelegate.swift */; };
		25298010253AB96200ECEE6E /* ViewController.swift in Sources */ = {isa = PBXBuildFile; fileRef = 2529800F253AB96200ECEE6E /* ViewController.swift */; };
		25298013253AB96200ECEE6E /* Main.storyboard in Resources */ = {isa = PBXBuildFile; fileRef = 25298011253AB96200ECEE6E /* Main.storyboard */; };
		25298016253AB96200ECEE6E /* test2.xcdatamodeld in Sources */ = {isa = PBXBuildFile; fileRef = 25298014253AB96200ECEE6E /* test2.xcdatamodeld */; };
		25298018253AB96400ECEE6E /* Assets.xcassets in Resources */ = {isa = PBXBuildFile; fileRef = 25298017253AB96400ECEE6E /* Assets.xcassets */; };
		2529801B253AB96400ECEE6E /* LaunchScreen.storyboard in Resources */ = {isa = PBXBuildFile; fileRef = 25298019253AB96400ECEE6E /* LaunchScreen.storyboard */; };
		25298026253AB96400ECEE6E /* test2Tests.swift in Sources */ = {isa = PBXBuildFile; fileRef = 25298025253AB96400ECEE6E /* test2Tests.swift */; };
		25298031253AB96400ECEE6E /* test2UITests.swift in Sources */ = {isa = PBXBuildFile; fileRef = 25298030253AB96400ECEE6E /* test2UITests.swift */; };
		253AD4FE25D905E40044C5C0 /* LobbyType.json in Resources */ = {isa = PBXBuildFile; fileRef = 253AD4FD25D905E40044C5C0 /* LobbyType.json */; };
		253AD50625D906170044C5C0 /* GameMode.json in Resources */ = {isa = PBXBuildFile; fileRef = 253AD50525D906170044C5C0 /* GameMode.json */; };
		253AD51E25D939DE0044C5C0 /* MatcheesHeaderCell.swift in Sources */ = {isa = PBXBuildFile; fileRef = 253AD51D25D939DE0044C5C0 /* MatcheesHeaderCell.swift */; };
		253B9ED325DF5315007CCA7F /* Items.json in Resources */ = {isa = PBXBuildFile; fileRef = 253B9ED225DF5315007CCA7F /* Items.json */; };
		2551491325D7F3EF008D7436 /* FixtureTableViewCell.swift in Sources */ = {isa = PBXBuildFile; fileRef = 2551491225D7F3EF008D7436 /* FixtureTableViewCell.swift */; };
		2551491825D7F5D8008D7436 /* homeVM.swift in Sources */ = {isa = PBXBuildFile; fileRef = 2551491725D7F5D8008D7436 /* homeVM.swift */; };
		2551491D25D7F616008D7436 /* homeModel.swift in Sources */ = {isa = PBXBuildFile; fileRef = 2551491C25D7F616008D7436 /* homeModel.swift */; };
		2551492325D82DE8008D7436 /* OpenDota.swift in Sources */ = {isa = PBXBuildFile; fileRef = 2551492225D82DE8008D7436 /* OpenDota.swift */; };
		2552ADD725E730E200CC9C91 /* homeRouter.swift in Sources */ = {isa = PBXBuildFile; fileRef = 2552ADD625E730E200CC9C91 /* homeRouter.swift */; };
		2552ADDC25E73B4B00CC9C91 /* RecordInteractor.swift in Sources */ = {isa = PBXBuildFile; fileRef = 2552ADDB25E73B4B00CC9C91 /* RecordInteractor.swift */; };
		2552ADE125E73BF700CC9C91 /* RecordPresenter.swift in Sources */ = {isa = PBXBuildFile; fileRef = 2552ADE025E73BF700CC9C91 /* RecordPresenter.swift */; };
		2552ADEC25E74EE600CC9C91 /* AllGamesInteractor.swift in Sources */ = {isa = PBXBuildFile; fileRef = 2552ADEB25E74EE600CC9C91 /* AllGamesInteractor.swift */; };
		2552ADF125E74F1C00CC9C91 /* AllGamesPresenter.swift in Sources */ = {isa = PBXBuildFile; fileRef = 2552ADF025E74F1C00CC9C91 /* AllGamesPresenter.swift */; };
		2552ADFC25E7777800CC9C91 /* AllGamesRouter.swift in Sources */ = {isa = PBXBuildFile; fileRef = 2552ADFB25E7777800CC9C91 /* AllGamesRouter.swift */; };
		2552AE0C25E7D9D800CC9C91 /* HeaderView.swift in Sources */ = {isa = PBXBuildFile; fileRef = 2552AE0B25E7D9D800CC9C91 /* HeaderView.swift */; };
		2552AE1125E8887100CC9C91 /* HeroStatInteractor.swift in Sources */ = {isa = PBXBuildFile; fileRef = 2552AE1025E8887100CC9C91 /* HeroStatInteractor.swift */; };
		2552AE1625E888AF00CC9C91 /* HeroStatPresenter.swift in Sources */ = {isa = PBXBuildFile; fileRef = 2552AE1525E888AF00CC9C91 /* HeroStatPresenter.swift */; };
		2552AE1E25E88A1200CC9C91 /* HeroStatRouter.swift in Sources */ = {isa = PBXBuildFile; fileRef = 2552AE1D25E88A1200CC9C91 /* HeroStatRouter.swift */; };
		2552AE2725E8942100CC9C91 /* GameView.swift in Sources */ = {isa = PBXBuildFile; fileRef = 2552AE2625E8942100CC9C91 /* GameView.swift */; };
		2552AE2F25E8942D00CC9C91 /* GameInteractor.swift in Sources */ = {isa = PBXBuildFile; fileRef = 2552AE2E25E8942D00CC9C91 /* GameInteractor.swift */; };
		2552AE3425E8943700CC9C91 /* GamePresenter.swift in Sources */ = {isa = PBXBuildFile; fileRef = 2552AE3325E8943700CC9C91 /* GamePresenter.swift */; };
		2552AE3925E8944200CC9C91 /* GameModel.swift in Sources */ = {isa = PBXBuildFile; fileRef = 2552AE3825E8944200CC9C91 /* GameModel.swift */; };
		2552AE3E25E8944C00CC9C91 /* GameRouter.swift in Sources */ = {isa = PBXBuildFile; fileRef = 2552AE3D25E8944C00CC9C91 /* GameRouter.swift */; };
		2552AE4425E8A47D00CC9C91 /* StatCell.swift in Sources */ = {isa = PBXBuildFile; fileRef = 2552AE4325E8A47D00CC9C91 /* StatCell.swift */; };
		2552AE5225E9514B00CC9C91 /* DetailModalView.swift in Sources */ = {isa = PBXBuildFile; fileRef = 2552AE5125E9514B00CC9C91 /* DetailModalView.swift */; };
		2552AE5A25E9515A00CC9C91 /* DetailInteractor.swift in Sources */ = {isa = PBXBuildFile; fileRef = 2552AE5925E9515A00CC9C91 /* DetailInteractor.swift */; };
		2552AE5F25E9519500CC9C91 /* DetailPresenter.swift in Sources */ = {isa = PBXBuildFile; fileRef = 2552AE5E25E9519500CC9C91 /* DetailPresenter.swift */; };
		2552AE6425E951AB00CC9C91 /* DetailRouter.swift in Sources */ = {isa = PBXBuildFile; fileRef = 2552AE6325E951AB00CC9C91 /* DetailRouter.swift */; };
		2552AE6925E951B800CC9C91 /* DetailModel.swift in Sources */ = {isa = PBXBuildFile; fileRef = 2552AE6825E951B800CC9C91 /* DetailModel.swift */; };
		25624C2025EB7AE600CE36CF /* abilities.json in Resources */ = {isa = PBXBuildFile; fileRef = 25624C1F25EB7AE600CE36CF /* abilities.json */; };
		25624C2525EB7B9B00CE36CF /* abilityids.json in Resources */ = {isa = PBXBuildFile; fileRef = 25624C2425EB7B9B00CE36CF /* abilityids.json */; };
		25624C3825EC841900CE36CF /* SkillUpgrade.xib in Resources */ = {isa = PBXBuildFile; fileRef = 25624C3725EC841900CE36CF /* SkillUpgrade.xib */; };
		25624C3D25EC843200CE36CF /* SkillsUpgradeView.swift in Sources */ = {isa = PBXBuildFile; fileRef = 25624C3C25EC843200CE36CF /* SkillsUpgradeView.swift */; };
		25624C4325EC8B2B00CE36CF /* SkillsUpgradeCollectionViewCell.swift in Sources */ = {isa = PBXBuildFile; fileRef = 25624C4125EC8B2B00CE36CF /* SkillsUpgradeCollectionViewCell.swift */; };
		25624C4425EC8B2B00CE36CF /* SkillsUpgradeCollectionViewCell.xib in Resources */ = {isa = PBXBuildFile; fileRef = 25624C4225EC8B2B00CE36CF /* SkillsUpgradeCollectionViewCell.xib */; };
		2575E06025DA0CF700092C32 /* Heroes.json in Resources */ = {isa = PBXBuildFile; fileRef = 2575E05F25DA0CF700092C32 /* Heroes.json */; };
		2575E06525DA142B00092C32 /* MyHeoresTableViewCell.swift in Sources */ = {isa = PBXBuildFile; fileRef = 2575E06425DA142B00092C32 /* MyHeoresTableViewCell.swift */; };
		258951CB25DC263100B36E68 /* MainTabBarController.swift in Sources */ = {isa = PBXBuildFile; fileRef = 258951CA25DC263100B36E68 /* MainTabBarController.swift */; };
		258951D125DC2A7200B36E68 /* RecordView.swift in Sources */ = {isa = PBXBuildFile; fileRef = 258951D025DC2A7200B36E68 /* RecordView.swift */; };
		258951D625DC2B8B00B36E68 /* RecordVM.swift in Sources */ = {isa = PBXBuildFile; fileRef = 258951D525DC2B8B00B36E68 /* RecordVM.swift */; };
		258951DB25DC2BB400B36E68 /* RecordModel.swift in Sources */ = {isa = PBXBuildFile; fileRef = 258951DA25DC2BB400B36E68 /* RecordModel.swift */; };
		258951E025DCC2B900B36E68 /* RecordCoordinator.swift in Sources */ = {isa = PBXBuildFile; fileRef = 258951DF25DCC2B900B36E68 /* RecordCoordinator.swift */; };
		258951EC25DD424A00B36E68 /* RecordCollectionViewCell.swift in Sources */ = {isa = PBXBuildFile; fileRef = 258951EB25DD424900B36E68 /* RecordCollectionViewCell.swift */; };
		25C9B21925DA970600DD9500 /* AllGamesView.swift in Sources */ = {isa = PBXBuildFile; fileRef = 25C9B21825DA970600DD9500 /* AllGamesView.swift */; };
		25C9B22625DB542F00DD9500 /* Coordinator.swift in Sources */ = {isa = PBXBuildFile; fileRef = 25C9B22525DB542F00DD9500 /* Coordinator.swift */; };
		25C9B22B25DB556700DD9500 /* Storyboarded.swift in Sources */ = {isa = PBXBuildFile; fileRef = 25C9B22A25DB556700DD9500 /* Storyboarded.swift */; };
		25C9B23325DB638E00DD9500 /* Dota2.swift in Sources */ = {isa = PBXBuildFile; fileRef = 25C9B23225DB638E00DD9500 /* Dota2.swift */; };
		25C9B23825DB750100DD9500 /* AllGamesModel.swift in Sources */ = {isa = PBXBuildFile; fileRef = 25C9B23725DB750100DD9500 /* AllGamesModel.swift */; };
		25EAC9AC25DBB8340036F4A8 /* HeroStatView.swift in Sources */ = {isa = PBXBuildFile; fileRef = 25EAC9AB25DBB8340036F4A8 /* HeroStatView.swift */; };
		25EAC9B625DBBB470036F4A8 /* HeroStatModel.swift in Sources */ = {isa = PBXBuildFile; fileRef = 25EAC9B525DBBB470036F4A8 /* HeroStatModel.swift */; };
		25FD899425E0298A00B85E64 /* MyHeroesCellVM.swift in Sources */ = {isa = PBXBuildFile; fileRef = 25FD899325E0298A00B85E64 /* MyHeroesCellVM.swift */; };
		25FD899925E4193400B85E64 /* homeInteractor.swift in Sources */ = {isa = PBXBuildFile; fileRef = 25FD899825E4193400B85E64 /* homeInteractor.swift */; };
		25FD899E25E4193E00B85E64 /* homePresenter.swift in Sources */ = {isa = PBXBuildFile; fileRef = 25FD899D25E4193E00B85E64 /* homePresenter.swift */; };
		30A658BA658769708781FD17 /* Pods_test2Tests.framework in Frameworks */ = {isa = PBXBuildFile; fileRef = C5645723F3CD3C8F400AEAB8 /* Pods_test2Tests.framework */; };
		3FD4DEFFB7A85150CF3414E5 /* Pods_test2_test2UITests.framework in Frameworks */ = {isa = PBXBuildFile; fileRef = 2BEF3C4660443025DE75831F /* Pods_test2_test2UITests.framework */; };
		741B0ED82EBB12505D72CD61 /* Pods_test2.framework in Frameworks */ = {isa = PBXBuildFile; fileRef = 54EB57ADE66F6D126654D6D7 /* Pods_test2.framework */; };
/* End PBXBuildFile section */

/* Begin PBXContainerItemProxy section */
		25298022253AB96400ECEE6E /* PBXContainerItemProxy */ = {
			isa = PBXContainerItemProxy;
			containerPortal = 25298000253AB96200ECEE6E /* Project object */;
			proxyType = 1;
			remoteGlobalIDString = 25298007253AB96200ECEE6E;
			remoteInfo = test2;
		};
		2529802D253AB96400ECEE6E /* PBXContainerItemProxy */ = {
			isa = PBXContainerItemProxy;
			containerPortal = 25298000253AB96200ECEE6E /* Project object */;
			proxyType = 1;
			remoteGlobalIDString = 25298007253AB96200ECEE6E;
			remoteInfo = test2;
		};
/* End PBXContainerItemProxy section */

/* Begin PBXFileReference section */
		2502A94225E9EB0100919251 /* ImageCache.swift */ = {isa = PBXFileReference; lastKnownFileType = sourcecode.swift; path = ImageCache.swift; sourceTree = "<group>"; };
		2502A95425E9FB9100919251 /* ImageResize.swift */ = {isa = PBXFileReference; lastKnownFileType = sourcecode.swift; path = ImageResize.swift; sourceTree = "<group>"; };
		2502A96025EA678700919251 /* PlayerStat.xib */ = {isa = PBXFileReference; lastKnownFileType = file.xib; path = PlayerStat.xib; sourceTree = "<group>"; };
		2502A96525EA914900919251 /* PlayerStatView.swift */ = {isa = PBXFileReference; lastKnownFileType = sourcecode.swift; path = PlayerStatView.swift; sourceTree = "<group>"; };
		25298008253AB96200ECEE6E /* test2.app */ = {isa = PBXFileReference; explicitFileType = wrapper.application; includeInIndex = 0; path = test2.app; sourceTree = BUILT_PRODUCTS_DIR; };
		2529800B253AB96200ECEE6E /* AppDelegate.swift */ = {isa = PBXFileReference; lastKnownFileType = sourcecode.swift; path = AppDelegate.swift; sourceTree = "<group>"; };
		2529800D253AB96200ECEE6E /* SceneDelegate.swift */ = {isa = PBXFileReference; lastKnownFileType = sourcecode.swift; path = SceneDelegate.swift; sourceTree = "<group>"; };
		2529800F253AB96200ECEE6E /* ViewController.swift */ = {isa = PBXFileReference; lastKnownFileType = sourcecode.swift; path = ViewController.swift; sourceTree = "<group>"; };
		25298012253AB96200ECEE6E /* Base */ = {isa = PBXFileReference; lastKnownFileType = file.storyboard; name = Base; path = Base.lproj/Main.storyboard; sourceTree = "<group>"; };
		25298015253AB96200ECEE6E /* test2.xcdatamodel */ = {isa = PBXFileReference; lastKnownFileType = wrapper.xcdatamodel; path = test2.xcdatamodel; sourceTree = "<group>"; };
		25298017253AB96400ECEE6E /* Assets.xcassets */ = {isa = PBXFileReference; lastKnownFileType = folder.assetcatalog; path = Assets.xcassets; sourceTree = "<group>"; };
		2529801A253AB96400ECEE6E /* Base */ = {isa = PBXFileReference; lastKnownFileType = file.storyboard; name = Base; path = Base.lproj/LaunchScreen.storyboard; sourceTree = "<group>"; };
		2529801C253AB96400ECEE6E /* Info.plist */ = {isa = PBXFileReference; lastKnownFileType = text.plist.xml; path = Info.plist; sourceTree = "<group>"; };
		25298021253AB96400ECEE6E /* test2Tests.xctest */ = {isa = PBXFileReference; explicitFileType = wrapper.cfbundle; includeInIndex = 0; path = test2Tests.xctest; sourceTree = BUILT_PRODUCTS_DIR; };
		25298025253AB96400ECEE6E /* test2Tests.swift */ = {isa = PBXFileReference; lastKnownFileType = sourcecode.swift; path = test2Tests.swift; sourceTree = "<group>"; };
		25298027253AB96400ECEE6E /* Info.plist */ = {isa = PBXFileReference; lastKnownFileType = text.plist.xml; path = Info.plist; sourceTree = "<group>"; };
		2529802C253AB96400ECEE6E /* test2UITests.xctest */ = {isa = PBXFileReference; explicitFileType = wrapper.cfbundle; includeInIndex = 0; path = test2UITests.xctest; sourceTree = BUILT_PRODUCTS_DIR; };
		25298030253AB96400ECEE6E /* test2UITests.swift */ = {isa = PBXFileReference; lastKnownFileType = sourcecode.swift; path = test2UITests.swift; sourceTree = "<group>"; };
		25298032253AB96400ECEE6E /* Info.plist */ = {isa = PBXFileReference; lastKnownFileType = text.plist.xml; path = Info.plist; sourceTree = "<group>"; };
		253AD4FD25D905E40044C5C0 /* LobbyType.json */ = {isa = PBXFileReference; lastKnownFileType = text.json; path = LobbyType.json; sourceTree = "<group>"; };
		253AD50525D906170044C5C0 /* GameMode.json */ = {isa = PBXFileReference; lastKnownFileType = text.json; path = GameMode.json; sourceTree = "<group>"; };
		253AD51D25D939DE0044C5C0 /* MatcheesHeaderCell.swift */ = {isa = PBXFileReference; lastKnownFileType = sourcecode.swift; path = MatcheesHeaderCell.swift; sourceTree = "<group>"; };
		253B9ED225DF5315007CCA7F /* Items.json */ = {isa = PBXFileReference; lastKnownFileType = text.json; path = Items.json; sourceTree = "<group>"; };
		2551491225D7F3EF008D7436 /* FixtureTableViewCell.swift */ = {isa = PBXFileReference; lastKnownFileType = sourcecode.swift; path = FixtureTableViewCell.swift; sourceTree = "<group>"; };
		2551491725D7F5D8008D7436 /* homeVM.swift */ = {isa = PBXFileReference; lastKnownFileType = sourcecode.swift; path = homeVM.swift; sourceTree = "<group>"; };
		2551491C25D7F616008D7436 /* homeModel.swift */ = {isa = PBXFileReference; lastKnownFileType = sourcecode.swift; path = homeModel.swift; sourceTree = "<group>"; };
		2551492225D82DE8008D7436 /* OpenDota.swift */ = {isa = PBXFileReference; lastKnownFileType = sourcecode.swift; path = OpenDota.swift; sourceTree = "<group>"; };
		2552ADD625E730E200CC9C91 /* homeRouter.swift */ = {isa = PBXFileReference; lastKnownFileType = sourcecode.swift; path = homeRouter.swift; sourceTree = "<group>"; };
		2552ADDB25E73B4B00CC9C91 /* RecordInteractor.swift */ = {isa = PBXFileReference; lastKnownFileType = sourcecode.swift; path = RecordInteractor.swift; sourceTree = "<group>"; };
		2552ADE025E73BF700CC9C91 /* RecordPresenter.swift */ = {isa = PBXFileReference; lastKnownFileType = sourcecode.swift; path = RecordPresenter.swift; sourceTree = "<group>"; };
		2552ADEB25E74EE600CC9C91 /* AllGamesInteractor.swift */ = {isa = PBXFileReference; lastKnownFileType = sourcecode.swift; path = AllGamesInteractor.swift; sourceTree = "<group>"; };
		2552ADF025E74F1C00CC9C91 /* AllGamesPresenter.swift */ = {isa = PBXFileReference; lastKnownFileType = sourcecode.swift; path = AllGamesPresenter.swift; sourceTree = "<group>"; };
		2552ADFB25E7777800CC9C91 /* AllGamesRouter.swift */ = {isa = PBXFileReference; lastKnownFileType = sourcecode.swift; path = AllGamesRouter.swift; sourceTree = "<group>"; };
		2552AE0B25E7D9D800CC9C91 /* HeaderView.swift */ = {isa = PBXFileReference; lastKnownFileType = sourcecode.swift; path = HeaderView.swift; sourceTree = "<group>"; };
		2552AE1025E8887100CC9C91 /* HeroStatInteractor.swift */ = {isa = PBXFileReference; lastKnownFileType = sourcecode.swift; path = HeroStatInteractor.swift; sourceTree = "<group>"; };
		2552AE1525E888AF00CC9C91 /* HeroStatPresenter.swift */ = {isa = PBXFileReference; lastKnownFileType = sourcecode.swift; path = HeroStatPresenter.swift; sourceTree = "<group>"; };
		2552AE1D25E88A1200CC9C91 /* HeroStatRouter.swift */ = {isa = PBXFileReference; lastKnownFileType = sourcecode.swift; path = HeroStatRouter.swift; sourceTree = "<group>"; };
		2552AE2625E8942100CC9C91 /* GameView.swift */ = {isa = PBXFileReference; lastKnownFileType = sourcecode.swift; path = GameView.swift; sourceTree = "<group>"; };
		2552AE2E25E8942D00CC9C91 /* GameInteractor.swift */ = {isa = PBXFileReference; lastKnownFileType = sourcecode.swift; path = GameInteractor.swift; sourceTree = "<group>"; };
		2552AE3325E8943700CC9C91 /* GamePresenter.swift */ = {isa = PBXFileReference; lastKnownFileType = sourcecode.swift; path = GamePresenter.swift; sourceTree = "<group>"; };
		2552AE3825E8944200CC9C91 /* GameModel.swift */ = {isa = PBXFileReference; lastKnownFileType = sourcecode.swift; path = GameModel.swift; sourceTree = "<group>"; };
		2552AE3D25E8944C00CC9C91 /* GameRouter.swift */ = {isa = PBXFileReference; lastKnownFileType = sourcecode.swift; path = GameRouter.swift; sourceTree = "<group>"; };
		2552AE4325E8A47D00CC9C91 /* StatCell.swift */ = {isa = PBXFileReference; lastKnownFileType = sourcecode.swift; path = StatCell.swift; sourceTree = "<group>"; };
		2552AE5125E9514B00CC9C91 /* DetailModalView.swift */ = {isa = PBXFileReference; lastKnownFileType = sourcecode.swift; path = DetailModalView.swift; sourceTree = "<group>"; };
		2552AE5925E9515A00CC9C91 /* DetailInteractor.swift */ = {isa = PBXFileReference; lastKnownFileType = sourcecode.swift; path = DetailInteractor.swift; sourceTree = "<group>"; };
		2552AE5E25E9519500CC9C91 /* DetailPresenter.swift */ = {isa = PBXFileReference; lastKnownFileType = sourcecode.swift; path = DetailPresenter.swift; sourceTree = "<group>"; };
		2552AE6325E951AB00CC9C91 /* DetailRouter.swift */ = {isa = PBXFileReference; lastKnownFileType = sourcecode.swift; path = DetailRouter.swift; sourceTree = "<group>"; };
		2552AE6825E951B800CC9C91 /* DetailModel.swift */ = {isa = PBXFileReference; lastKnownFileType = sourcecode.swift; path = DetailModel.swift; sourceTree = "<group>"; };
		25624C1F25EB7AE600CE36CF /* abilities.json */ = {isa = PBXFileReference; fileEncoding = 4; lastKnownFileType = text.json; name = abilities.json; path = ../../../../Documents/dota2/abilities.json; sourceTree = "<group>"; };
		25624C2425EB7B9B00CE36CF /* abilityids.json */ = {isa = PBXFileReference; fileEncoding = 4; lastKnownFileType = text.json; name = abilityids.json; path = ../../../../Documents/dota2/abilityids.json; sourceTree = "<group>"; };
		25624C3725EC841900CE36CF /* SkillUpgrade.xib */ = {isa = PBXFileReference; lastKnownFileType = file.xib; path = SkillUpgrade.xib; sourceTree = "<group>"; };
		25624C3C25EC843200CE36CF /* SkillsUpgradeView.swift */ = {isa = PBXFileReference; lastKnownFileType = sourcecode.swift; path = SkillsUpgradeView.swift; sourceTree = "<group>"; };
		25624C4125EC8B2B00CE36CF /* SkillsUpgradeCollectionViewCell.swift */ = {isa = PBXFileReference; lastKnownFileType = sourcecode.swift; path = SkillsUpgradeCollectionViewCell.swift; sourceTree = "<group>"; };
		25624C4225EC8B2B00CE36CF /* SkillsUpgradeCollectionViewCell.xib */ = {isa = PBXFileReference; lastKnownFileType = file.xib; path = SkillsUpgradeCollectionViewCell.xib; sourceTree = "<group>"; };
		2575E05F25DA0CF700092C32 /* Heroes.json */ = {isa = PBXFileReference; lastKnownFileType = text.json; path = Heroes.json; sourceTree = "<group>"; };
		2575E06425DA142B00092C32 /* MyHeoresTableViewCell.swift */ = {isa = PBXFileReference; lastKnownFileType = sourcecode.swift; path = MyHeoresTableViewCell.swift; sourceTree = "<group>"; };
		258951CA25DC263100B36E68 /* MainTabBarController.swift */ = {isa = PBXFileReference; lastKnownFileType = sourcecode.swift; path = MainTabBarController.swift; sourceTree = "<group>"; };
		258951D025DC2A7200B36E68 /* RecordView.swift */ = {isa = PBXFileReference; lastKnownFileType = sourcecode.swift; path = RecordView.swift; sourceTree = "<group>"; };
		258951D525DC2B8B00B36E68 /* RecordVM.swift */ = {isa = PBXFileReference; lastKnownFileType = sourcecode.swift; path = RecordVM.swift; sourceTree = "<group>"; };
		258951DA25DC2BB400B36E68 /* RecordModel.swift */ = {isa = PBXFileReference; lastKnownFileType = sourcecode.swift; path = RecordModel.swift; sourceTree = "<group>"; };
		258951DF25DCC2B900B36E68 /* RecordCoordinator.swift */ = {isa = PBXFileReference; lastKnownFileType = sourcecode.swift; path = RecordCoordinator.swift; sourceTree = "<group>"; };
		258951EB25DD424900B36E68 /* RecordCollectionViewCell.swift */ = {isa = PBXFileReference; lastKnownFileType = sourcecode.swift; path = RecordCollectionViewCell.swift; sourceTree = "<group>"; };
		25C9B21825DA970600DD9500 /* AllGamesView.swift */ = {isa = PBXFileReference; lastKnownFileType = sourcecode.swift; path = AllGamesView.swift; sourceTree = "<group>"; };
		25C9B22525DB542F00DD9500 /* Coordinator.swift */ = {isa = PBXFileReference; lastKnownFileType = sourcecode.swift; path = Coordinator.swift; sourceTree = "<group>"; };
		25C9B22A25DB556700DD9500 /* Storyboarded.swift */ = {isa = PBXFileReference; lastKnownFileType = sourcecode.swift; path = Storyboarded.swift; sourceTree = "<group>"; };
		25C9B23225DB638E00DD9500 /* Dota2.swift */ = {isa = PBXFileReference; lastKnownFileType = sourcecode.swift; path = Dota2.swift; sourceTree = "<group>"; };
		25C9B23725DB750100DD9500 /* AllGamesModel.swift */ = {isa = PBXFileReference; lastKnownFileType = sourcecode.swift; path = AllGamesModel.swift; sourceTree = "<group>"; };
		25EAC9AB25DBB8340036F4A8 /* HeroStatView.swift */ = {isa = PBXFileReference; lastKnownFileType = sourcecode.swift; path = HeroStatView.swift; sourceTree = "<group>"; };
		25EAC9B525DBBB470036F4A8 /* HeroStatModel.swift */ = {isa = PBXFileReference; lastKnownFileType = sourcecode.swift; path = HeroStatModel.swift; sourceTree = "<group>"; };
		25FD899325E0298A00B85E64 /* MyHeroesCellVM.swift */ = {isa = PBXFileReference; lastKnownFileType = sourcecode.swift; path = MyHeroesCellVM.swift; sourceTree = "<group>"; };
		25FD899825E4193400B85E64 /* homeInteractor.swift */ = {isa = PBXFileReference; lastKnownFileType = sourcecode.swift; path = homeInteractor.swift; sourceTree = "<group>"; };
		25FD899D25E4193E00B85E64 /* homePresenter.swift */ = {isa = PBXFileReference; lastKnownFileType = sourcecode.swift; path = homePresenter.swift; sourceTree = "<group>"; };
		2BEF3C4660443025DE75831F /* Pods_test2_test2UITests.framework */ = {isa = PBXFileReference; explicitFileType = wrapper.framework; includeInIndex = 0; path = Pods_test2_test2UITests.framework; sourceTree = BUILT_PRODUCTS_DIR; };
		38CCDE8CFF6C7A9F94C55708 /* Pods-test2.debug.xcconfig */ = {isa = PBXFileReference; includeInIndex = 1; lastKnownFileType = text.xcconfig; name = "Pods-test2.debug.xcconfig"; path = "Target Support Files/Pods-test2/Pods-test2.debug.xcconfig"; sourceTree = "<group>"; };
		54EB57ADE66F6D126654D6D7 /* Pods_test2.framework */ = {isa = PBXFileReference; explicitFileType = wrapper.framework; includeInIndex = 0; path = Pods_test2.framework; sourceTree = BUILT_PRODUCTS_DIR; };
		58F4DB694EE2403FC4D3F683 /* Pods-test2-test2UITests.release.xcconfig */ = {isa = PBXFileReference; includeInIndex = 1; lastKnownFileType = text.xcconfig; name = "Pods-test2-test2UITests.release.xcconfig"; path = "Target Support Files/Pods-test2-test2UITests/Pods-test2-test2UITests.release.xcconfig"; sourceTree = "<group>"; };
		8A3584DCECBBADC58E5D3FAF /* Pods-test2-test2UITests.debug.xcconfig */ = {isa = PBXFileReference; includeInIndex = 1; lastKnownFileType = text.xcconfig; name = "Pods-test2-test2UITests.debug.xcconfig"; path = "Target Support Files/Pods-test2-test2UITests/Pods-test2-test2UITests.debug.xcconfig"; sourceTree = "<group>"; };
		8BAD680D7C46335D5D93B232 /* Pods-test2.release.xcconfig */ = {isa = PBXFileReference; includeInIndex = 1; lastKnownFileType = text.xcconfig; name = "Pods-test2.release.xcconfig"; path = "Target Support Files/Pods-test2/Pods-test2.release.xcconfig"; sourceTree = "<group>"; };
		A6394F80FE16D798E6CA8ED1 /* Pods-test2Tests.release.xcconfig */ = {isa = PBXFileReference; includeInIndex = 1; lastKnownFileType = text.xcconfig; name = "Pods-test2Tests.release.xcconfig"; path = "Target Support Files/Pods-test2Tests/Pods-test2Tests.release.xcconfig"; sourceTree = "<group>"; };
		C5645723F3CD3C8F400AEAB8 /* Pods_test2Tests.framework */ = {isa = PBXFileReference; explicitFileType = wrapper.framework; includeInIndex = 0; path = Pods_test2Tests.framework; sourceTree = BUILT_PRODUCTS_DIR; };
		F9DC00528AF108799EFF9EF8 /* Pods-test2Tests.debug.xcconfig */ = {isa = PBXFileReference; includeInIndex = 1; lastKnownFileType = text.xcconfig; name = "Pods-test2Tests.debug.xcconfig"; path = "Target Support Files/Pods-test2Tests/Pods-test2Tests.debug.xcconfig"; sourceTree = "<group>"; };
/* End PBXFileReference section */

/* Begin PBXFrameworksBuildPhase section */
		25298005253AB96200ECEE6E /* Frameworks */ = {
			isa = PBXFrameworksBuildPhase;
			buildActionMask = 2147483647;
			files = (
				741B0ED82EBB12505D72CD61 /* Pods_test2.framework in Frameworks */,
			);
			runOnlyForDeploymentPostprocessing = 0;
		};
		2529801E253AB96400ECEE6E /* Frameworks */ = {
			isa = PBXFrameworksBuildPhase;
			buildActionMask = 2147483647;
			files = (
				30A658BA658769708781FD17 /* Pods_test2Tests.framework in Frameworks */,
			);
			runOnlyForDeploymentPostprocessing = 0;
		};
		25298029253AB96400ECEE6E /* Frameworks */ = {
			isa = PBXFrameworksBuildPhase;
			buildActionMask = 2147483647;
			files = (
				3FD4DEFFB7A85150CF3414E5 /* Pods_test2_test2UITests.framework in Frameworks */,
			);
			runOnlyForDeploymentPostprocessing = 0;
		};
/* End PBXFrameworksBuildPhase section */

/* Begin PBXGroup section */
		2502A94A25E9FB4200919251 /* ImageManager */ = {
			isa = PBXGroup;
			children = (
				2502A94225E9EB0100919251 /* ImageCache.swift */,
				2502A95425E9FB9100919251 /* ImageResize.swift */,
			);
			path = ImageManager;
			sourceTree = "<group>";
		};
		2502A95F25EA675100919251 /* page1 */ = {
			isa = PBXGroup;
			children = (
				2502A96025EA678700919251 /* PlayerStat.xib */,
				2502A96525EA914900919251 /* PlayerStatView.swift */,
			);
			path = page1;
			sourceTree = "<group>";
		};
		25297FFF253AB96200ECEE6E = {
			isa = PBXGroup;
			children = (
				2529800A253AB96200ECEE6E /* test2 */,
				25298024253AB96400ECEE6E /* test2Tests */,
				2529802F253AB96400ECEE6E /* test2UITests */,
				25298009253AB96200ECEE6E /* Products */,
				5A55971B1764B4D7EF2D2840 /* Pods */,
				B114B2441A444D1ADF0B8EC1 /* Frameworks */,
			);
			sourceTree = "<group>";
		};
		25298009253AB96200ECEE6E /* Products */ = {
			isa = PBXGroup;
			children = (
				25298008253AB96200ECEE6E /* test2.app */,
				25298021253AB96400ECEE6E /* test2Tests.xctest */,
				2529802C253AB96400ECEE6E /* test2UITests.xctest */,
			);
			name = Products;
			sourceTree = "<group>";
		};
		2529800A253AB96200ECEE6E /* test2 */ = {
			isa = PBXGroup;
			children = (
				2552AE0A25E7D9C000CC9C91 /* HeaderView */,
				2502A94A25E9FB4200919251 /* ImageManager */,
				2552AE2525E8940300CC9C91 /* GameDetail */,
				258951CF25DC2A5B00B36E68 /* Record */,
				25EAC9A725DBB8190036F4A8 /* HeroStat */,
				25C9B21725DA96E400DD9500 /* AllMatches */,
				253AD4FC25D905930044C5C0 /* data */,
				2551492A25D8311D008D7436 /* Home */,
				2551492125D82DCD008D7436 /* OpenDota */,
				2529800B253AB96200ECEE6E /* AppDelegate.swift */,
				2529800D253AB96200ECEE6E /* SceneDelegate.swift */,
				258951CA25DC263100B36E68 /* MainTabBarController.swift */,
				25298011253AB96200ECEE6E /* Main.storyboard */,
				253AD51D25D939DE0044C5C0 /* MatcheesHeaderCell.swift */,
				2551491225D7F3EF008D7436 /* FixtureTableViewCell.swift */,
				25298017253AB96400ECEE6E /* Assets.xcassets */,
				25298019253AB96400ECEE6E /* LaunchScreen.storyboard */,
				2529801C253AB96400ECEE6E /* Info.plist */,
				25298014253AB96200ECEE6E /* test2.xcdatamodeld */,
				25C9B22525DB542F00DD9500 /* Coordinator.swift */,
				258951DF25DCC2B900B36E68 /* RecordCoordinator.swift */,
				25C9B22A25DB556700DD9500 /* Storyboarded.swift */,
				25C9B23225DB638E00DD9500 /* Dota2.swift */,
			);
			path = test2;
			sourceTree = "<group>";
		};
		25298024253AB96400ECEE6E /* test2Tests */ = {
			isa = PBXGroup;
			children = (
				25298025253AB96400ECEE6E /* test2Tests.swift */,
				25298027253AB96400ECEE6E /* Info.plist */,
			);
			path = test2Tests;
			sourceTree = "<group>";
		};
		2529802F253AB96400ECEE6E /* test2UITests */ = {
			isa = PBXGroup;
			children = (
				25298030253AB96400ECEE6E /* test2UITests.swift */,
				25298032253AB96400ECEE6E /* Info.plist */,
			);
			path = test2UITests;
			sourceTree = "<group>";
		};
		253AD4FC25D905930044C5C0 /* data */ = {
			isa = PBXGroup;
			children = (
				25624C2425EB7B9B00CE36CF /* abilityids.json */,
				25624C1F25EB7AE600CE36CF /* abilities.json */,
				253AD4FD25D905E40044C5C0 /* LobbyType.json */,
				253AD50525D906170044C5C0 /* GameMode.json */,
				2575E05F25DA0CF700092C32 /* Heroes.json */,
				253B9ED225DF5315007CCA7F /* Items.json */,
			);
			path = data;
			sourceTree = "<group>";
		};
		2551492125D82DCD008D7436 /* OpenDota */ = {
			isa = PBXGroup;
			children = (
				2551492225D82DE8008D7436 /* OpenDota.swift */,
			);
			path = OpenDota;
			sourceTree = "<group>";
		};
		2551492A25D8311D008D7436 /* Home */ = {
			isa = PBXGroup;
			children = (
				25FD899225E0296900B85E64 /* Cell */,
				2529800F253AB96200ECEE6E /* ViewController.swift */,
				2552ADD625E730E200CC9C91 /* homeRouter.swift */,
				25FD899825E4193400B85E64 /* homeInteractor.swift */,
				25FD899D25E4193E00B85E64 /* homePresenter.swift */,
				2551491C25D7F616008D7436 /* homeModel.swift */,
				2551491725D7F5D8008D7436 /* homeVM.swift */,
			);
			path = Home;
			sourceTree = "<group>";
		};
		2552AE0A25E7D9C000CC9C91 /* HeaderView */ = {
			isa = PBXGroup;
			children = (
				2552AE0B25E7D9D800CC9C91 /* HeaderView.swift */,
			);
			path = HeaderView;
			sourceTree = "<group>";
		};
		2552AE2525E8940300CC9C91 /* GameDetail */ = {
			isa = PBXGroup;
			children = (
				2552AE5025E9513400CC9C91 /* Modal */,
				2552AE4225E8A46700CC9C91 /* Cell */,
				2552AE2625E8942100CC9C91 /* GameView.swift */,
				2552AE2E25E8942D00CC9C91 /* GameInteractor.swift */,
				2552AE3325E8943700CC9C91 /* GamePresenter.swift */,
				2552AE3825E8944200CC9C91 /* GameModel.swift */,
				2552AE3D25E8944C00CC9C91 /* GameRouter.swift */,
			);
			path = GameDetail;
			sourceTree = "<group>";
		};
		2552AE4225E8A46700CC9C91 /* Cell */ = {
			isa = PBXGroup;
			children = (
				2552AE4325E8A47D00CC9C91 /* StatCell.swift */,
			);
			path = Cell;
			sourceTree = "<group>";
		};
		2552AE5025E9513400CC9C91 /* Modal */ = {
			isa = PBXGroup;
			children = (
				25624C3625EC83D400CE36CF /* page2 */,
				2502A95F25EA675100919251 /* page1 */,
				2552AE5125E9514B00CC9C91 /* DetailModalView.swift */,
				2552AE5925E9515A00CC9C91 /* DetailInteractor.swift */,
				2552AE5E25E9519500CC9C91 /* DetailPresenter.swift */,
				2552AE6325E951AB00CC9C91 /* DetailRouter.swift */,
				2552AE6825E951B800CC9C91 /* DetailModel.swift */,
			);
			path = Modal;
			sourceTree = "<group>";
		};
		25624C3625EC83D400CE36CF /* page2 */ = {
			isa = PBXGroup;
			children = (
				25624C3725EC841900CE36CF /* SkillUpgrade.xib */,
				25624C3C25EC843200CE36CF /* SkillsUpgradeView.swift */,
				25624C4125EC8B2B00CE36CF /* SkillsUpgradeCollectionViewCell.swift */,
				25624C4225EC8B2B00CE36CF /* SkillsUpgradeCollectionViewCell.xib */,
			);
			path = page2;
			sourceTree = "<group>";
		};
		258951CF25DC2A5B00B36E68 /* Record */ = {
			isa = PBXGroup;
			children = (
				258951EA25DD420600B36E68 /* collectioncell */,
				258951D025DC2A7200B36E68 /* RecordView.swift */,
				2552ADDB25E73B4B00CC9C91 /* RecordInteractor.swift */,
				2552ADE025E73BF700CC9C91 /* RecordPresenter.swift */,
				258951DA25DC2BB400B36E68 /* RecordModel.swift */,
				258951D525DC2B8B00B36E68 /* RecordVM.swift */,
			);
			path = Record;
			sourceTree = "<group>";
		};
		258951EA25DD420600B36E68 /* collectioncell */ = {
			isa = PBXGroup;
			children = (
				258951EB25DD424900B36E68 /* RecordCollectionViewCell.swift */,
			);
			path = collectioncell;
			sourceTree = "<group>";
		};
		25C9B21725DA96E400DD9500 /* AllMatches */ = {
			isa = PBXGroup;
			children = (
				25C9B21825DA970600DD9500 /* AllGamesView.swift */,
				2552ADEB25E74EE600CC9C91 /* AllGamesInteractor.swift */,
				2552ADF025E74F1C00CC9C91 /* AllGamesPresenter.swift */,
				25C9B23725DB750100DD9500 /* AllGamesModel.swift */,
				2552ADFB25E7777800CC9C91 /* AllGamesRouter.swift */,
			);
			path = AllMatches;
			sourceTree = "<group>";
		};
		25EAC9A725DBB8190036F4A8 /* HeroStat */ = {
			isa = PBXGroup;
			children = (
				25EAC9AB25DBB8340036F4A8 /* HeroStatView.swift */,
				2552AE1025E8887100CC9C91 /* HeroStatInteractor.swift */,
				2552AE1525E888AF00CC9C91 /* HeroStatPresenter.swift */,
				25EAC9B525DBBB470036F4A8 /* HeroStatModel.swift */,
				2552AE1D25E88A1200CC9C91 /* HeroStatRouter.swift */,
			);
			path = HeroStat;
			sourceTree = "<group>";
		};
		25FD899225E0296900B85E64 /* Cell */ = {
			isa = PBXGroup;
			children = (
				2575E06425DA142B00092C32 /* MyHeoresTableViewCell.swift */,
				25FD899325E0298A00B85E64 /* MyHeroesCellVM.swift */,
			);
			path = Cell;
			sourceTree = "<group>";
		};
		5A55971B1764B4D7EF2D2840 /* Pods */ = {
			isa = PBXGroup;
			children = (
				38CCDE8CFF6C7A9F94C55708 /* Pods-test2.debug.xcconfig */,
				8BAD680D7C46335D5D93B232 /* Pods-test2.release.xcconfig */,
				8A3584DCECBBADC58E5D3FAF /* Pods-test2-test2UITests.debug.xcconfig */,
				58F4DB694EE2403FC4D3F683 /* Pods-test2-test2UITests.release.xcconfig */,
				F9DC00528AF108799EFF9EF8 /* Pods-test2Tests.debug.xcconfig */,
				A6394F80FE16D798E6CA8ED1 /* Pods-test2Tests.release.xcconfig */,
			);
			path = Pods;
			sourceTree = "<group>";
		};
		B114B2441A444D1ADF0B8EC1 /* Frameworks */ = {
			isa = PBXGroup;
			children = (
				54EB57ADE66F6D126654D6D7 /* Pods_test2.framework */,
				2BEF3C4660443025DE75831F /* Pods_test2_test2UITests.framework */,
				C5645723F3CD3C8F400AEAB8 /* Pods_test2Tests.framework */,
			);
			name = Frameworks;
			sourceTree = "<group>";
		};
/* End PBXGroup section */

/* Begin PBXNativeTarget section */
		25298007253AB96200ECEE6E /* test2 */ = {
			isa = PBXNativeTarget;
			buildConfigurationList = 25298035253AB96500ECEE6E /* Build configuration list for PBXNativeTarget "test2" */;
			buildPhases = (
				8AAAD4D07028C2223977BCB6 /* [CP] Check Pods Manifest.lock */,
				25298004253AB96200ECEE6E /* Sources */,
				25298005253AB96200ECEE6E /* Frameworks */,
				25298006253AB96200ECEE6E /* Resources */,
				6E26B521DCAAF5ECCFBC17BA /* [CP] Embed Pods Frameworks */,
			);
			buildRules = (
			);
			dependencies = (
			);
			name = test2;
			productName = test2;
			productReference = 25298008253AB96200ECEE6E /* test2.app */;
			productType = "com.apple.product-type.application";
		};
		25298020253AB96400ECEE6E /* test2Tests */ = {
			isa = PBXNativeTarget;
			buildConfigurationList = 25298038253AB96500ECEE6E /* Build configuration list for PBXNativeTarget "test2Tests" */;
			buildPhases = (
				7856BB40FF62B9B52F2D4374 /* [CP] Check Pods Manifest.lock */,
				2529801D253AB96400ECEE6E /* Sources */,
				2529801E253AB96400ECEE6E /* Frameworks */,
				2529801F253AB96400ECEE6E /* Resources */,
			);
			buildRules = (
			);
			dependencies = (
				25298023253AB96400ECEE6E /* PBXTargetDependency */,
			);
			name = test2Tests;
			productName = test2Tests;
			productReference = 25298021253AB96400ECEE6E /* test2Tests.xctest */;
			productType = "com.apple.product-type.bundle.unit-test";
		};
		2529802B253AB96400ECEE6E /* test2UITests */ = {
			isa = PBXNativeTarget;
			buildConfigurationList = 2529803B253AB96500ECEE6E /* Build configuration list for PBXNativeTarget "test2UITests" */;
			buildPhases = (
				7045431B1A590942F5DC72C2 /* [CP] Check Pods Manifest.lock */,
				25298028253AB96400ECEE6E /* Sources */,
				25298029253AB96400ECEE6E /* Frameworks */,
				2529802A253AB96400ECEE6E /* Resources */,
				24D8C1705CCCFC3283D97B6B /* [CP] Embed Pods Frameworks */,
			);
			buildRules = (
			);
			dependencies = (
				2529802E253AB96400ECEE6E /* PBXTargetDependency */,
			);
			name = test2UITests;
			productName = test2UITests;
			productReference = 2529802C253AB96400ECEE6E /* test2UITests.xctest */;
			productType = "com.apple.product-type.bundle.ui-testing";
		};
/* End PBXNativeTarget section */

/* Begin PBXProject section */
		25298000253AB96200ECEE6E /* Project object */ = {
			isa = PBXProject;
			attributes = {
				LastSwiftUpdateCheck = 1200;
				LastUpgradeCheck = 1200;
				TargetAttributes = {
					25298007253AB96200ECEE6E = {
						CreatedOnToolsVersion = 12.0.1;
					};
					25298020253AB96400ECEE6E = {
						CreatedOnToolsVersion = 12.0.1;
						TestTargetID = 25298007253AB96200ECEE6E;
					};
					2529802B253AB96400ECEE6E = {
						CreatedOnToolsVersion = 12.0.1;
						TestTargetID = 25298007253AB96200ECEE6E;
					};
				};
			};
			buildConfigurationList = 25298003253AB96200ECEE6E /* Build configuration list for PBXProject "test2" */;
			compatibilityVersion = "Xcode 9.3";
			developmentRegion = en;
			hasScannedForEncodings = 0;
			knownRegions = (
				en,
				Base,
			);
			mainGroup = 25297FFF253AB96200ECEE6E;
			productRefGroup = 25298009253AB96200ECEE6E /* Products */;
			projectDirPath = "";
			projectRoot = "";
			targets = (
				25298007253AB96200ECEE6E /* test2 */,
				25298020253AB96400ECEE6E /* test2Tests */,
				2529802B253AB96400ECEE6E /* test2UITests */,
			);
		};
/* End PBXProject section */

/* Begin PBXResourcesBuildPhase section */
		25298006253AB96200ECEE6E /* Resources */ = {
			isa = PBXResourcesBuildPhase;
			buildActionMask = 2147483647;
			files = (
				2502A96125EA678700919251 /* PlayerStat.xib in Resources */,
				253AD4FE25D905E40044C5C0 /* LobbyType.json in Resources */,
				25624C2025EB7AE600CE36CF /* abilities.json in Resources */,
				2529801B253AB96400ECEE6E /* LaunchScreen.storyboard in Resources */,
				25624C3825EC841900CE36CF /* SkillUpgrade.xib in Resources */,
				25624C4425EC8B2B00CE36CF /* SkillsUpgradeCollectionViewCell.xib in Resources */,
				25298018253AB96400ECEE6E /* Assets.xcassets in Resources */,
				25624C2525EB7B9B00CE36CF /* abilityids.json in Resources */,
				253AD50625D906170044C5C0 /* GameMode.json in Resources */,
				25298013253AB96200ECEE6E /* Main.storyboard in Resources */,
				253B9ED325DF5315007CCA7F /* Items.json in Resources */,
				2575E06025DA0CF700092C32 /* Heroes.json in Resources */,
			);
			runOnlyForDeploymentPostprocessing = 0;
		};
		2529801F253AB96400ECEE6E /* Resources */ = {
			isa = PBXResourcesBuildPhase;
			buildActionMask = 2147483647;
			files = (
			);
			runOnlyForDeploymentPostprocessing = 0;
		};
		2529802A253AB96400ECEE6E /* Resources */ = {
			isa = PBXResourcesBuildPhase;
			buildActionMask = 2147483647;
			files = (
			);
			runOnlyForDeploymentPostprocessing = 0;
		};
/* End PBXResourcesBuildPhase section */

/* Begin PBXShellScriptBuildPhase section */
		24D8C1705CCCFC3283D97B6B /* [CP] Embed Pods Frameworks */ = {
			isa = PBXShellScriptBuildPhase;
			buildActionMask = 2147483647;
			files = (
			);
			inputFileListPaths = (
				"${PODS_ROOT}/Target Support Files/Pods-test2-test2UITests/Pods-test2-test2UITests-frameworks-${CONFIGURATION}-input-files.xcfilelist",
			);
			name = "[CP] Embed Pods Frameworks";
			outputFileListPaths = (
				"${PODS_ROOT}/Target Support Files/Pods-test2-test2UITests/Pods-test2-test2UITests-frameworks-${CONFIGURATION}-output-files.xcfilelist",
			);
			runOnlyForDeploymentPostprocessing = 0;
			shellPath = /bin/sh;
			shellScript = "\"${PODS_ROOT}/Target Support Files/Pods-test2-test2UITests/Pods-test2-test2UITests-frameworks.sh\"\n";
			showEnvVarsInLog = 0;
		};
		6E26B521DCAAF5ECCFBC17BA /* [CP] Embed Pods Frameworks */ = {
			isa = PBXShellScriptBuildPhase;
			buildActionMask = 2147483647;
			files = (
			);
			inputFileListPaths = (
				"${PODS_ROOT}/Target Support Files/Pods-test2/Pods-test2-frameworks-${CONFIGURATION}-input-files.xcfilelist",
			);
			name = "[CP] Embed Pods Frameworks";
			outputFileListPaths = (
				"${PODS_ROOT}/Target Support Files/Pods-test2/Pods-test2-frameworks-${CONFIGURATION}-output-files.xcfilelist",
			);
			runOnlyForDeploymentPostprocessing = 0;
			shellPath = /bin/sh;
			shellScript = "\"${PODS_ROOT}/Target Support Files/Pods-test2/Pods-test2-frameworks.sh\"\n";
			showEnvVarsInLog = 0;
		};
		7045431B1A590942F5DC72C2 /* [CP] Check Pods Manifest.lock */ = {
			isa = PBXShellScriptBuildPhase;
			buildActionMask = 2147483647;
			files = (
			);
			inputFileListPaths = (
			);
			inputPaths = (
				"${PODS_PODFILE_DIR_PATH}/Podfile.lock",
				"${PODS_ROOT}/Manifest.lock",
			);
			name = "[CP] Check Pods Manifest.lock";
			outputFileListPaths = (
			);
			outputPaths = (
				"$(DERIVED_FILE_DIR)/Pods-test2-test2UITests-checkManifestLockResult.txt",
			);
			runOnlyForDeploymentPostprocessing = 0;
			shellPath = /bin/sh;
			shellScript = "diff \"${PODS_PODFILE_DIR_PATH}/Podfile.lock\" \"${PODS_ROOT}/Manifest.lock\" > /dev/null\nif [ $? != 0 ] ; then\n    # print error to STDERR\n    echo \"error: The sandbox is not in sync with the Podfile.lock. Run 'pod install' or update your CocoaPods installation.\" >&2\n    exit 1\nfi\n# This output is used by Xcode 'outputs' to avoid re-running this script phase.\necho \"SUCCESS\" > \"${SCRIPT_OUTPUT_FILE_0}\"\n";
			showEnvVarsInLog = 0;
		};
		7856BB40FF62B9B52F2D4374 /* [CP] Check Pods Manifest.lock */ = {
			isa = PBXShellScriptBuildPhase;
			buildActionMask = 2147483647;
			files = (
			);
			inputFileListPaths = (
			);
			inputPaths = (
				"${PODS_PODFILE_DIR_PATH}/Podfile.lock",
				"${PODS_ROOT}/Manifest.lock",
			);
			name = "[CP] Check Pods Manifest.lock";
			outputFileListPaths = (
			);
			outputPaths = (
				"$(DERIVED_FILE_DIR)/Pods-test2Tests-checkManifestLockResult.txt",
			);
			runOnlyForDeploymentPostprocessing = 0;
			shellPath = /bin/sh;
			shellScript = "diff \"${PODS_PODFILE_DIR_PATH}/Podfile.lock\" \"${PODS_ROOT}/Manifest.lock\" > /dev/null\nif [ $? != 0 ] ; then\n    # print error to STDERR\n    echo \"error: The sandbox is not in sync with the Podfile.lock. Run 'pod install' or update your CocoaPods installation.\" >&2\n    exit 1\nfi\n# This output is used by Xcode 'outputs' to avoid re-running this script phase.\necho \"SUCCESS\" > \"${SCRIPT_OUTPUT_FILE_0}\"\n";
			showEnvVarsInLog = 0;
		};
		8AAAD4D07028C2223977BCB6 /* [CP] Check Pods Manifest.lock */ = {
			isa = PBXShellScriptBuildPhase;
			buildActionMask = 2147483647;
			files = (
			);
			inputFileListPaths = (
			);
			inputPaths = (
				"${PODS_PODFILE_DIR_PATH}/Podfile.lock",
				"${PODS_ROOT}/Manifest.lock",
			);
			name = "[CP] Check Pods Manifest.lock";
			outputFileListPaths = (
			);
			outputPaths = (
				"$(DERIVED_FILE_DIR)/Pods-test2-checkManifestLockResult.txt",
			);
			runOnlyForDeploymentPostprocessing = 0;
			shellPath = /bin/sh;
			shellScript = "diff \"${PODS_PODFILE_DIR_PATH}/Podfile.lock\" \"${PODS_ROOT}/Manifest.lock\" > /dev/null\nif [ $? != 0 ] ; then\n    # print error to STDERR\n    echo \"error: The sandbox is not in sync with the Podfile.lock. Run 'pod install' or update your CocoaPods installation.\" >&2\n    exit 1\nfi\n# This output is used by Xcode 'outputs' to avoid re-running this script phase.\necho \"SUCCESS\" > \"${SCRIPT_OUTPUT_FILE_0}\"\n";
			showEnvVarsInLog = 0;
		};
/* End PBXShellScriptBuildPhase section */

/* Begin PBXSourcesBuildPhase section */
		25298004253AB96200ECEE6E /* Sources */ = {
			isa = PBXSourcesBuildPhase;
			buildActionMask = 2147483647;
			files = (
				2552AE1E25E88A1200CC9C91 /* HeroStatRouter.swift in Sources */,
				2552ADFC25E7777800CC9C91 /* AllGamesRouter.swift in Sources */,
				2552AE3E25E8944C00CC9C91 /* GameRouter.swift in Sources */,
				2552AE1625E888AF00CC9C91 /* HeroStatPresenter.swift in Sources */,
				2551491D25D7F616008D7436 /* homeModel.swift in Sources */,
				25298016253AB96200ECEE6E /* test2.xcdatamodeld in Sources */,
				2552AE3925E8944200CC9C91 /* GameModel.swift in Sources */,
				258951CB25DC263100B36E68 /* MainTabBarController.swift in Sources */,
				25C9B22625DB542F00DD9500 /* Coordinator.swift in Sources */,
				25624C4325EC8B2B00CE36CF /* SkillsUpgradeCollectionViewCell.swift in Sources */,
				2552ADF125E74F1C00CC9C91 /* AllGamesPresenter.swift in Sources */,
				2502A94325E9EB0100919251 /* ImageCache.swift in Sources */,
				2552ADD725E730E200CC9C91 /* homeRouter.swift in Sources */,
				2551491825D7F5D8008D7436 /* homeVM.swift in Sources */,
				258951E025DCC2B900B36E68 /* RecordCoordinator.swift in Sources */,
				2552AE5F25E9519500CC9C91 /* DetailPresenter.swift in Sources */,
				2551491325D7F3EF008D7436 /* FixtureTableViewCell.swift in Sources */,
				25EAC9B625DBBB470036F4A8 /* HeroStatModel.swift in Sources */,
				258951D625DC2B8B00B36E68 /* RecordVM.swift in Sources */,
				25C9B23825DB750100DD9500 /* AllGamesModel.swift in Sources */,
				2552ADDC25E73B4B00CC9C91 /* RecordInteractor.swift in Sources */,
				258951EC25DD424A00B36E68 /* RecordCollectionViewCell.swift in Sources */,
				2552AE5A25E9515A00CC9C91 /* DetailInteractor.swift in Sources */,
				2551492325D82DE8008D7436 /* OpenDota.swift in Sources */,
				2502A96625EA914900919251 /* PlayerStatView.swift in Sources */,
				258951D125DC2A7200B36E68 /* RecordView.swift in Sources */,
				2575E06525DA142B00092C32 /* MyHeoresTableViewCell.swift in Sources */,
				25EAC9AC25DBB8340036F4A8 /* HeroStatView.swift in Sources */,
				2552AE0C25E7D9D800CC9C91 /* HeaderView.swift in Sources */,
				25FD899425E0298A00B85E64 /* MyHeroesCellVM.swift in Sources */,
				25298010253AB96200ECEE6E /* ViewController.swift in Sources */,
				2552ADEC25E74EE600CC9C91 /* AllGamesInteractor.swift in Sources */,
				2552AE3425E8943700CC9C91 /* GamePresenter.swift in Sources */,
				2552AE1125E8887100CC9C91 /* HeroStatInteractor.swift in Sources */,
				25624C3D25EC843200CE36CF /* SkillsUpgradeView.swift in Sources */,
				25C9B21925DA970600DD9500 /* AllGamesView.swift in Sources */,
				2552AE6425E951AB00CC9C91 /* DetailRouter.swift in Sources */,
				25FD899E25E4193E00B85E64 /* homePresenter.swift in Sources */,
				25C9B23325DB638E00DD9500 /* Dota2.swift in Sources */,
				2552AE6925E951B800CC9C91 /* DetailModel.swift in Sources */,
				2552AE5225E9514B00CC9C91 /* DetailModalView.swift in Sources */,
				2502A95525E9FB9100919251 /* ImageResize.swift in Sources */,
				253AD51E25D939DE0044C5C0 /* MatcheesHeaderCell.swift in Sources */,
				2529800C253AB96200ECEE6E /* AppDelegate.swift in Sources */,
				2552ADE125E73BF700CC9C91 /* RecordPresenter.swift in Sources */,
				2552AE4425E8A47D00CC9C91 /* StatCell.swift in Sources */,
				258951DB25DC2BB400B36E68 /* RecordModel.swift in Sources */,
				25FD899925E4193400B85E64 /* homeInteractor.swift in Sources */,
				2552AE2F25E8942D00CC9C91 /* GameInteractor.swift in Sources */,
				2529800E253AB96200ECEE6E /* SceneDelegate.swift in Sources */,
				2552AE2725E8942100CC9C91 /* GameView.swift in Sources */,
				25C9B22B25DB556700DD9500 /* Storyboarded.swift in Sources */,
			);
			runOnlyForDeploymentPostprocessing = 0;
		};
		2529801D253AB96400ECEE6E /* Sources */ = {
			isa = PBXSourcesBuildPhase;
			buildActionMask = 2147483647;
			files = (
				25298026253AB96400ECEE6E /* test2Tests.swift in Sources */,
			);
			runOnlyForDeploymentPostprocessing = 0;
		};
		25298028253AB96400ECEE6E /* Sources */ = {
			isa = PBXSourcesBuildPhase;
			buildActionMask = 2147483647;
			files = (
				25298031253AB96400ECEE6E /* test2UITests.swift in Sources */,
			);
			runOnlyForDeploymentPostprocessing = 0;
		};
/* End PBXSourcesBuildPhase section */

/* Begin PBXTargetDependency section */
		25298023253AB96400ECEE6E /* PBXTargetDependency */ = {
			isa = PBXTargetDependency;
			target = 25298007253AB96200ECEE6E /* test2 */;
			targetProxy = 25298022253AB96400ECEE6E /* PBXContainerItemProxy */;
		};
		2529802E253AB96400ECEE6E /* PBXTargetDependency */ = {
			isa = PBXTargetDependency;
			target = 25298007253AB96200ECEE6E /* test2 */;
			targetProxy = 2529802D253AB96400ECEE6E /* PBXContainerItemProxy */;
		};
/* End PBXTargetDependency section */

/* Begin PBXVariantGroup section */
		25298011253AB96200ECEE6E /* Main.storyboard */ = {
			isa = PBXVariantGroup;
			children = (
				25298012253AB96200ECEE6E /* Base */,
			);
			name = Main.storyboard;
			sourceTree = "<group>";
		};
		25298019253AB96400ECEE6E /* LaunchScreen.storyboard */ = {
			isa = PBXVariantGroup;
			children = (
				2529801A253AB96400ECEE6E /* Base */,
			);
			name = LaunchScreen.storyboard;
			sourceTree = "<group>";
		};
/* End PBXVariantGroup section */

/* Begin XCBuildConfiguration section */
		25298033253AB96400ECEE6E /* Debug */ = {
			isa = XCBuildConfiguration;
			buildSettings = {
				ALWAYS_SEARCH_USER_PATHS = NO;
				CLANG_ANALYZER_NONNULL = YES;
				CLANG_ANALYZER_NUMBER_OBJECT_CONVERSION = YES_AGGRESSIVE;
				CLANG_CXX_LANGUAGE_STANDARD = "gnu++14";
				CLANG_CXX_LIBRARY = "libc++";
				CLANG_ENABLE_MODULES = YES;
				CLANG_ENABLE_OBJC_ARC = YES;
				CLANG_ENABLE_OBJC_WEAK = YES;
				CLANG_WARN_BLOCK_CAPTURE_AUTORELEASING = YES;
				CLANG_WARN_BOOL_CONVERSION = YES;
				CLANG_WARN_COMMA = YES;
				CLANG_WARN_CONSTANT_CONVERSION = YES;
				CLANG_WARN_DEPRECATED_OBJC_IMPLEMENTATIONS = YES;
				CLANG_WARN_DIRECT_OBJC_ISA_USAGE = YES_ERROR;
				CLANG_WARN_DOCUMENTATION_COMMENTS = YES;
				CLANG_WARN_EMPTY_BODY = YES;
				CLANG_WARN_ENUM_CONVERSION = YES;
				CLANG_WARN_INFINITE_RECURSION = YES;
				CLANG_WARN_INT_CONVERSION = YES;
				CLANG_WARN_NON_LITERAL_NULL_CONVERSION = YES;
				CLANG_WARN_OBJC_IMPLICIT_RETAIN_SELF = YES;
				CLANG_WARN_OBJC_LITERAL_CONVERSION = YES;
				CLANG_WARN_OBJC_ROOT_CLASS = YES_ERROR;
				CLANG_WARN_QUOTED_INCLUDE_IN_FRAMEWORK_HEADER = YES;
				CLANG_WARN_RANGE_LOOP_ANALYSIS = YES;
				CLANG_WARN_STRICT_PROTOTYPES = YES;
				CLANG_WARN_SUSPICIOUS_MOVE = YES;
				CLANG_WARN_UNGUARDED_AVAILABILITY = YES_AGGRESSIVE;
				CLANG_WARN_UNREACHABLE_CODE = YES;
				CLANG_WARN__DUPLICATE_METHOD_MATCH = YES;
				COPY_PHASE_STRIP = NO;
				DEBUG_INFORMATION_FORMAT = dwarf;
				ENABLE_STRICT_OBJC_MSGSEND = YES;
				ENABLE_TESTABILITY = YES;
				GCC_C_LANGUAGE_STANDARD = gnu11;
				GCC_DYNAMIC_NO_PIC = NO;
				GCC_NO_COMMON_BLOCKS = YES;
				GCC_OPTIMIZATION_LEVEL = 0;
				GCC_PREPROCESSOR_DEFINITIONS = (
					"DEBUG=1",
					"$(inherited)",
				);
				GCC_WARN_64_TO_32_BIT_CONVERSION = YES;
				GCC_WARN_ABOUT_RETURN_TYPE = YES_ERROR;
				GCC_WARN_UNDECLARED_SELECTOR = YES;
				GCC_WARN_UNINITIALIZED_AUTOS = YES_AGGRESSIVE;
				GCC_WARN_UNUSED_FUNCTION = YES;
				GCC_WARN_UNUSED_VARIABLE = YES;
				IPHONEOS_DEPLOYMENT_TARGET = 14.0;
				MTL_ENABLE_DEBUG_INFO = INCLUDE_SOURCE;
				MTL_FAST_MATH = YES;
				ONLY_ACTIVE_ARCH = YES;
				SDKROOT = iphoneos;
				SWIFT_ACTIVE_COMPILATION_CONDITIONS = DEBUG;
				SWIFT_OPTIMIZATION_LEVEL = "-Onone";
			};
			name = Debug;
		};
		25298034253AB96500ECEE6E /* Release */ = {
			isa = XCBuildConfiguration;
			buildSettings = {
				ALWAYS_SEARCH_USER_PATHS = NO;
				CLANG_ANALYZER_NONNULL = YES;
				CLANG_ANALYZER_NUMBER_OBJECT_CONVERSION = YES_AGGRESSIVE;
				CLANG_CXX_LANGUAGE_STANDARD = "gnu++14";
				CLANG_CXX_LIBRARY = "libc++";
				CLANG_ENABLE_MODULES = YES;
				CLANG_ENABLE_OBJC_ARC = YES;
				CLANG_ENABLE_OBJC_WEAK = YES;
				CLANG_WARN_BLOCK_CAPTURE_AUTORELEASING = YES;
				CLANG_WARN_BOOL_CONVERSION = YES;
				CLANG_WARN_COMMA = YES;
				CLANG_WARN_CONSTANT_CONVERSION = YES;
				CLANG_WARN_DEPRECATED_OBJC_IMPLEMENTATIONS = YES;
				CLANG_WARN_DIRECT_OBJC_ISA_USAGE = YES_ERROR;
				CLANG_WARN_DOCUMENTATION_COMMENTS = YES;
				CLANG_WARN_EMPTY_BODY = YES;
				CLANG_WARN_ENUM_CONVERSION = YES;
				CLANG_WARN_INFINITE_RECURSION = YES;
				CLANG_WARN_INT_CONVERSION = YES;
				CLANG_WARN_NON_LITERAL_NULL_CONVERSION = YES;
				CLANG_WARN_OBJC_IMPLICIT_RETAIN_SELF = YES;
				CLANG_WARN_OBJC_LITERAL_CONVERSION = YES;
				CLANG_WARN_OBJC_ROOT_CLASS = YES_ERROR;
				CLANG_WARN_QUOTED_INCLUDE_IN_FRAMEWORK_HEADER = YES;
				CLANG_WARN_RANGE_LOOP_ANALYSIS = YES;
				CLANG_WARN_STRICT_PROTOTYPES = YES;
				CLANG_WARN_SUSPICIOUS_MOVE = YES;
				CLANG_WARN_UNGUARDED_AVAILABILITY = YES_AGGRESSIVE;
				CLANG_WARN_UNREACHABLE_CODE = YES;
				CLANG_WARN__DUPLICATE_METHOD_MATCH = YES;
				COPY_PHASE_STRIP = NO;
				DEBUG_INFORMATION_FORMAT = "dwarf-with-dsym";
				ENABLE_NS_ASSERTIONS = NO;
				ENABLE_STRICT_OBJC_MSGSEND = YES;
				GCC_C_LANGUAGE_STANDARD = gnu11;
				GCC_NO_COMMON_BLOCKS = YES;
				GCC_WARN_64_TO_32_BIT_CONVERSION = YES;
				GCC_WARN_ABOUT_RETURN_TYPE = YES_ERROR;
				GCC_WARN_UNDECLARED_SELECTOR = YES;
				GCC_WARN_UNINITIALIZED_AUTOS = YES_AGGRESSIVE;
				GCC_WARN_UNUSED_FUNCTION = YES;
				GCC_WARN_UNUSED_VARIABLE = YES;
				IPHONEOS_DEPLOYMENT_TARGET = 14.0;
				MTL_ENABLE_DEBUG_INFO = NO;
				MTL_FAST_MATH = YES;
				SDKROOT = iphoneos;
				SWIFT_COMPILATION_MODE = wholemodule;
				SWIFT_OPTIMIZATION_LEVEL = "-O";
				VALIDATE_PRODUCT = YES;
			};
			name = Release;
		};
		25298036253AB96500ECEE6E /* Debug */ = {
			isa = XCBuildConfiguration;
			baseConfigurationReference = 38CCDE8CFF6C7A9F94C55708 /* Pods-test2.debug.xcconfig */;
			buildSettings = {
				ASSETCATALOG_COMPILER_APPICON_NAME = AppIcon;
				ASSETCATALOG_COMPILER_GLOBAL_ACCENT_COLOR_NAME = AccentColor;
				CODE_SIGN_STYLE = Automatic;
				INFOPLIST_FILE = test2/Info.plist;
				LD_RUNPATH_SEARCH_PATHS = (
					"$(inherited)",
					"@executable_path/Frameworks",
				);
				PRODUCT_BUNDLE_IDENTIFIER = taetae.test2;
				PRODUCT_NAME = "$(TARGET_NAME)";
				SWIFT_VERSION = 5.0;
				TARGETED_DEVICE_FAMILY = "1,2";
			};
			name = Debug;
		};
		25298037253AB96500ECEE6E /* Release */ = {
			isa = XCBuildConfiguration;
			baseConfigurationReference = 8BAD680D7C46335D5D93B232 /* Pods-test2.release.xcconfig */;
			buildSettings = {
				ASSETCATALOG_COMPILER_APPICON_NAME = AppIcon;
				ASSETCATALOG_COMPILER_GLOBAL_ACCENT_COLOR_NAME = AccentColor;
				CODE_SIGN_STYLE = Automatic;
				INFOPLIST_FILE = test2/Info.plist;
				LD_RUNPATH_SEARCH_PATHS = (
					"$(inherited)",
					"@executable_path/Frameworks",
				);
				PRODUCT_BUNDLE_IDENTIFIER = taetae.test2;
				PRODUCT_NAME = "$(TARGET_NAME)";
				SWIFT_VERSION = 5.0;
				TARGETED_DEVICE_FAMILY = "1,2";
			};
			name = Release;
		};
		25298039253AB96500ECEE6E /* Debug */ = {
			isa = XCBuildConfiguration;
			baseConfigurationReference = F9DC00528AF108799EFF9EF8 /* Pods-test2Tests.debug.xcconfig */;
			buildSettings = {
				ALWAYS_EMBED_SWIFT_STANDARD_LIBRARIES = YES;
				BUNDLE_LOADER = "$(TEST_HOST)";
				CODE_SIGN_STYLE = Automatic;
				INFOPLIST_FILE = test2Tests/Info.plist;
				IPHONEOS_DEPLOYMENT_TARGET = 14.0;
				LD_RUNPATH_SEARCH_PATHS = (
					"$(inherited)",
					"@executable_path/Frameworks",
					"@loader_path/Frameworks",
				);
				PRODUCT_BUNDLE_IDENTIFIER = taetae.test2Tests;
				PRODUCT_NAME = "$(TARGET_NAME)";
				SWIFT_VERSION = 5.0;
				TARGETED_DEVICE_FAMILY = "1,2";
				TEST_HOST = "$(BUILT_PRODUCTS_DIR)/test2.app/test2";
			};
			name = Debug;
		};
		2529803A253AB96500ECEE6E /* Release */ = {
			isa = XCBuildConfiguration;
			baseConfigurationReference = A6394F80FE16D798E6CA8ED1 /* Pods-test2Tests.release.xcconfig */;
			buildSettings = {
				ALWAYS_EMBED_SWIFT_STANDARD_LIBRARIES = YES;
				BUNDLE_LOADER = "$(TEST_HOST)";
				CODE_SIGN_STYLE = Automatic;
				INFOPLIST_FILE = test2Tests/Info.plist;
				IPHONEOS_DEPLOYMENT_TARGET = 14.0;
				LD_RUNPATH_SEARCH_PATHS = (
					"$(inherited)",
					"@executable_path/Frameworks",
					"@loader_path/Frameworks",
				);
				PRODUCT_BUNDLE_IDENTIFIER = taetae.test2Tests;
				PRODUCT_NAME = "$(TARGET_NAME)";
				SWIFT_VERSION = 5.0;
				TARGETED_DEVICE_FAMILY = "1,2";
				TEST_HOST = "$(BUILT_PRODUCTS_DIR)/test2.app/test2";
			};
			name = Release;
		};
		2529803C253AB96500ECEE6E /* Debug */ = {
			isa = XCBuildConfiguration;
			baseConfigurationReference = 8A3584DCECBBADC58E5D3FAF /* Pods-test2-test2UITests.debug.xcconfig */;
			buildSettings = {
				ALWAYS_EMBED_SWIFT_STANDARD_LIBRARIES = YES;
				CODE_SIGN_STYLE = Automatic;
				INFOPLIST_FILE = test2UITests/Info.plist;
				LD_RUNPATH_SEARCH_PATHS = (
					"$(inherited)",
					"@executable_path/Frameworks",
					"@loader_path/Frameworks",
				);
				PRODUCT_BUNDLE_IDENTIFIER = taetae.test2UITests;
				PRODUCT_NAME = "$(TARGET_NAME)";
				SWIFT_VERSION = 5.0;
				TARGETED_DEVICE_FAMILY = "1,2";
				TEST_TARGET_NAME = test2;
			};
			name = Debug;
		};
		2529803D253AB96500ECEE6E /* Release */ = {
			isa = XCBuildConfiguration;
			baseConfigurationReference = 58F4DB694EE2403FC4D3F683 /* Pods-test2-test2UITests.release.xcconfig */;
			buildSettings = {
				ALWAYS_EMBED_SWIFT_STANDARD_LIBRARIES = YES;
				CODE_SIGN_STYLE = Automatic;
				INFOPLIST_FILE = test2UITests/Info.plist;
				LD_RUNPATH_SEARCH_PATHS = (
					"$(inherited)",
					"@executable_path/Frameworks",
					"@loader_path/Frameworks",
				);
				PRODUCT_BUNDLE_IDENTIFIER = taetae.test2UITests;
				PRODUCT_NAME = "$(TARGET_NAME)";
				SWIFT_VERSION = 5.0;
				TARGETED_DEVICE_FAMILY = "1,2";
				TEST_TARGET_NAME = test2;
			};
			name = Release;
		};
/* End XCBuildConfiguration section */

/* Begin XCConfigurationList section */
		25298003253AB96200ECEE6E /* Build configuration list for PBXProject "test2" */ = {
			isa = XCConfigurationList;
			buildConfigurations = (
				25298033253AB96400ECEE6E /* Debug */,
				25298034253AB96500ECEE6E /* Release */,
			);
			defaultConfigurationIsVisible = 0;
			defaultConfigurationName = Release;
		};
		25298035253AB96500ECEE6E /* Build configuration list for PBXNativeTarget "test2" */ = {
			isa = XCConfigurationList;
			buildConfigurations = (
				25298036253AB96500ECEE6E /* Debug */,
				25298037253AB96500ECEE6E /* Release */,
			);
			defaultConfigurationIsVisible = 0;
			defaultConfigurationName = Release;
		};
		25298038253AB96500ECEE6E /* Build configuration list for PBXNativeTarget "test2Tests" */ = {
			isa = XCConfigurationList;
			buildConfigurations = (
				25298039253AB96500ECEE6E /* Debug */,
				2529803A253AB96500ECEE6E /* Release */,
			);
			defaultConfigurationIsVisible = 0;
			defaultConfigurationName = Release;
		};
		2529803B253AB96500ECEE6E /* Build configuration list for PBXNativeTarget "test2UITests" */ = {
			isa = XCConfigurationList;
			buildConfigurations = (
				2529803C253AB96500ECEE6E /* Debug */,
				2529803D253AB96500ECEE6E /* Release */,
			);
			defaultConfigurationIsVisible = 0;
			defaultConfigurationName = Release;
		};
/* End XCConfigurationList section */

/* Begin XCVersionGroup section */
		25298014253AB96200ECEE6E /* test2.xcdatamodeld */ = {
			isa = XCVersionGroup;
			children = (
				25298015253AB96200ECEE6E /* test2.xcdatamodel */,
			);
			currentVersion = 25298015253AB96200ECEE6E /* test2.xcdatamodel */;
			path = test2.xcdatamodeld;
			sourceTree = "<group>";
			versionGroupType = wrapper.xcdatamodel;
		};
/* End XCVersionGroup section */
	};
	rootObject = 25298000253AB96200ECEE6E /* Project object */;
}
