// !$*UTF8*$!
{
	archiveVersion = 1;
	classes = {
	};
	objectVersion = 50;
	objects = {

/* Begin PBXBuildFile section */
		2529800C253AB96200ECEE6E /* AppDelegate.swift in Sources */ = {isa = PBXBuildFile; fileRef = 2529800B253AB96200ECEE6E /* AppDelegate.swift */; };
		2529800E253AB96200ECEE6E /* SceneDelegate.swift in Sources */ = {isa = PBXBuildFile; fileRef = 2529800D253AB96200ECEE6E /* SceneDelegate.swift */; };
		25298010253AB96200ECEE6E /* ViewController.swift in Sources */ = {isa = PBXBuildFile; fileRef = 2529800F253AB96200ECEE6E /* ViewController.swift */; };
		25298013253AB96200ECEE6E /* Main.storyboard in Resources */ = {isa = PBXBuildFile; fileRef = 25298011253AB96200ECEE6E /* Main.storyboard */; };
		25298016253AB96200ECEE6E /* test2.xcdatamodeld in Sources */ = {isa = PBXBuildFile; fileRef = 25298014253AB96200ECEE6E /* test2.xcdatamodeld */; };
		25298018253AB96400ECEE6E /* Assets.xcassets in Resources */ = {isa = PBXBuildFile; fileRef = 25298017253AB96400ECEE6E /* Assets.xcassets */; };
		2529801B253AB96400ECEE6E /* LaunchScreen.storyboard in Resources */ = {isa = PBXBuildFile; fileRef = 25298019253AB96400ECEE6E /* LaunchScreen.storyboard */; };
		25298026253AB96400ECEE6E /* test2Tests.swift in Sources */ = {isa = PBXBuildFile; fileRef = 25298025253AB96400ECEE6E /* test2Tests.swift */; };
		25298031253AB96400ECEE6E /* test2UITests.swift in Sources */ = {isa = PBXBuildFile; fileRef = 25298030253AB96400ECEE6E /* test2UITests.swift */; };
/* End PBXBuildFile section */

/* Begin PBXContainerItemProxy section */
		25298022253AB96400ECEE6E /* PBXContainerItemProxy */ = {
			isa = PBXContainerItemProxy;
			containerPortal = 25298000253AB96200ECEE6E /* Project object */;
			proxyType = 1;
			remoteGlobalIDString = 25298007253AB96200ECEE6E;
			remoteInfo = test2;
		};
		2529802D253AB96400ECEE6E /* PBXContainerItemProxy */ = {
			isa = PBXContainerItemProxy;
			containerPortal = 25298000253AB96200ECEE6E /* Project object */;
			proxyType = 1;
			remoteGlobalIDString = 25298007253AB96200ECEE6E;
			remoteInfo = test2;
		};
/* End PBXContainerItemProxy section */

/* Begin PBXFileReference section */
		25298008253AB96200ECEE6E /* test2.app */ = {isa = PBXFileReference; explicitFileType = wrapper.application; includeInIndex = 0; path = test2.app; sourceTree = BUILT_PRODUCTS_DIR; };
		2529800B253AB96200ECEE6E /* AppDelegate.swift */ = {isa = PBXFileReference; lastKnownFileType = sourcecode.swift; path = AppDelegate.swift; sourceTree = "<group>"; };
		2529800D253AB96200ECEE6E /* SceneDelegate.swift */ = {isa = PBXFileReference; lastKnownFileType = sourcecode.swift; path = SceneDelegate.swift; sourceTree = "<group>"; };
		2529800F253AB96200ECEE6E /* ViewController.swift */ = {isa = PBXFileReference; lastKnownFileType = sourcecode.swift; path = ViewController.swift; sourceTree = "<group>"; };
		25298012253AB96200ECEE6E /* Base */ = {isa = PBXFileReference; lastKnownFileType = file.storyboard; name = Base; path = Base.lproj/Main.storyboard; sourceTree = "<group>"; };
		25298015253AB96200ECEE6E /* test2.xcdatamodel */ = {isa = PBXFileReference; lastKnownFileType = wrapper.xcdatamodel; path = test2.xcdatamodel; sourceTree = "<group>"; };
		25298017253AB96400ECEE6E /* Assets.xcassets */ = {isa = PBXFileReference; lastKnownFileType = folder.assetcatalog; path = Assets.xcassets; sourceTree = "<group>"; };
		2529801A253AB96400ECEE6E /* Base */ = {isa = PBXFileReference; lastKnownFileType = file.storyboard; name = Base; path = Base.lproj/LaunchScreen.storyboard; sourceTree = "<group>"; };
		2529801C253AB96400ECEE6E /* Info.plist */ = {isa = PBXFileReference; lastKnownFileType = text.plist.xml; path = Info.plist; sourceTree = "<group>"; };
		25298021253AB96400ECEE6E /* test2Tests.xctest */ = {isa = PBXFileReference; explicitFileType = wrapper.cfbundle; includeInIndex = 0; path = test2Tests.xctest; sourceTree = BUILT_PRODUCTS_DIR; };
		25298025253AB96400ECEE6E /* test2Tests.swift */ = {isa = PBXFileReference; lastKnownFileType = sourcecode.swift; path = test2Tests.swift; sourceTree = "<group>"; };
		25298027253AB96400ECEE6E /* Info.plist */ = {isa = PBXFileReference; lastKnownFileType = text.plist.xml; path = Info.plist; sourceTree = "<group>"; };
		2529802C253AB96400ECEE6E /* test2UITests.xctest */ = {isa = PBXFileReference; explicitFileType = wrapper.cfbundle; includeInIndex = 0; path = test2UITests.xctest; sourceTree = BUILT_PRODUCTS_DIR; };
		25298030253AB96400ECEE6E /* test2UITests.swift */ = {isa = PBXFileReference; lastKnownFileType = sourcecode.swift; path = test2UITests.swift; sourceTree = "<group>"; };
		25298032253AB96400ECEE6E /* Info.plist */ = {isa = PBXFileReference; lastKnownFileType = text.plist.xml; path = Info.plist; sourceTree = "<group>"; };
/* End PBXFileReference section */

/* Begin PBXFrameworksBuildPhase section */
		25298005253AB96200ECEE6E /* Frameworks */ = {
			isa = PBXFrameworksBuildPhase;
			buildActionMask = 2147483647;
			files = (
			);
			runOnlyForDeploymentPostprocessing = 0;
		};
		2529801E253AB96400ECEE6E /* Frameworks */ = {
			isa = PBXFrameworksBuildPhase;
			buildActionMask = 2147483647;
			files = (
			);
			runOnlyForDeploymentPostprocessing = 0;
		};
		25298029253AB96400ECEE6E /* Frameworks */ = {
			isa = PBXFrameworksBuildPhase;
			buildActionMask = 2147483647;
			files = (
			);
			runOnlyForDeploymentPostprocessing = 0;
		};
/* End PBXFrameworksBuildPhase section */

/* Begin PBXGroup section */
		25297FFF253AB96200ECEE6E = {
			isa = PBXGroup;
			children = (
				2529800A253AB96200ECEE6E /* test2 */,
				25298024253AB96400ECEE6E /* test2Tests */,
				2529802F253AB96400ECEE6E /* test2UITests */,
				25298009253AB96200ECEE6E /* Products */,
			);
			sourceTree = "<group>";
		};
		25298009253AB96200ECEE6E /* Products */ = {
			isa = PBXGroup;
			children = (
				25298008253AB96200ECEE6E /* test2.app */,
				25298021253AB96400ECEE6E /* test2Tests.xctest */,
				2529802C253AB96400ECEE6E /* test2UITests.xctest */,
			);
			name = Products;
			sourceTree = "<group>";
		};
		2529800A253AB96200ECEE6E /* test2 */ = {
			isa = PBXGroup;
			children = (
				2529800B253AB96200ECEE6E /* AppDelegate.swift */,
				2529800D253AB96200ECEE6E /* SceneDelegate.swift */,
				2529800F253AB96200ECEE6E /* ViewController.swift */,
				25298011253AB96200ECEE6E /* Main.storyboard */,
				25298017253AB96400ECEE6E /* Assets.xcassets */,
				25298019253AB96400ECEE6E /* LaunchScreen.storyboard */,
				2529801C253AB96400ECEE6E /* Info.plist */,
				25298014253AB96200ECEE6E /* test2.xcdatamodeld */,
			);
			path = test2;
			sourceTree = "<group>";
		};
		25298024253AB96400ECEE6E /* test2Tests */ = {
			isa = PBXGroup;
			children = (
				25298025253AB96400ECEE6E /* test2Tests.swift */,
				25298027253AB96400ECEE6E /* Info.plist */,
			);
			path = test2Tests;
			sourceTree = "<group>";
		};
		2529802F253AB96400ECEE6E /* test2UITests */ = {
			isa = PBXGroup;
			children = (
				25298030253AB96400ECEE6E /* test2UITests.swift */,
				25298032253AB96400ECEE6E /* Info.plist */,
			);
			path = test2UITests;
			sourceTree = "<group>";
		};
/* End PBXGroup section */

/* Begin PBXNativeTarget section */
		25298007253AB96200ECEE6E /* test2 */ = {
			isa = PBXNativeTarget;
			buildConfigurationList = 25298035253AB96500ECEE6E /* Build configuration list for PBXNativeTarget "test2" */;
			buildPhases = (
				25298004253AB96200ECEE6E /* Sources */,
				25298005253AB96200ECEE6E /* Frameworks */,
				25298006253AB96200ECEE6E /* Resources */,
			);
			buildRules = (
			);
			dependencies = (
			);
			name = test2;
			productName = test2;
			productReference = 25298008253AB96200ECEE6E /* test2.app */;
			productType = "com.apple.product-type.application";
		};
		25298020253AB96400ECEE6E /* test2Tests */ = {
			isa = PBXNativeTarget;
			buildConfigurationList = 25298038253AB96500ECEE6E /* Build configuration list for PBXNativeTarget "test2Tests" */;
			buildPhases = (
				2529801D253AB96400ECEE6E /* Sources */,
				2529801E253AB96400ECEE6E /* Frameworks */,
				2529801F253AB96400ECEE6E /* Resources */,
			);
			buildRules = (
			);
			dependencies = (
				25298023253AB96400ECEE6E /* PBXTargetDependency */,
			);
			name = test2Tests;
			productName = test2Tests;
			productReference = 25298021253AB96400ECEE6E /* test2Tests.xctest */;
			productType = "com.apple.product-type.bundle.unit-test";
		};
		2529802B253AB96400ECEE6E /* test2UITests */ = {
			isa = PBXNativeTarget;
			buildConfigurationList = 2529803B253AB96500ECEE6E /* Build configuration list for PBXNativeTarget "test2UITests" */;
			buildPhases = (
				25298028253AB96400ECEE6E /* Sources */,
				25298029253AB96400ECEE6E /* Frameworks */,
				2529802A253AB96400ECEE6E /* Resources */,
			);
			buildRules = (
			);
			dependencies = (
				2529802E253AB96400ECEE6E /* PBXTargetDependency */,
			);
			name = test2UITests;
			productName = test2UITests;
			productReference = 2529802C253AB96400ECEE6E /* test2UITests.xctest */;
			productType = "com.apple.product-type.bundle.ui-testing";
		};
/* End PBXNativeTarget section */

/* Begin PBXProject section */
		25298000253AB96200ECEE6E /* Project object */ = {
			isa = PBXProject;
			attributes = {
				LastSwiftUpdateCheck = 1200;
				LastUpgradeCheck = 1200;
				TargetAttributes = {
					25298007253AB96200ECEE6E = {
						CreatedOnToolsVersion = 12.0.1;
					};
					25298020253AB96400ECEE6E = {
						CreatedOnToolsVersion = 12.0.1;
						TestTargetID = 25298007253AB96200ECEE6E;
					};
					2529802B253AB96400ECEE6E = {
						CreatedOnToolsVersion = 12.0.1;
						TestTargetID = 25298007253AB96200ECEE6E;
					};
				};
			};
			buildConfigurationList = 25298003253AB96200ECEE6E /* Build configuration list for PBXProject "test2" */;
			compatibilityVersion = "Xcode 9.3";
			developmentRegion = en;
			hasScannedForEncodings = 0;
			knownRegions = (
				en,
				Base,
			);
			mainGroup = 25297FFF253AB96200ECEE6E;
			productRefGroup = 25298009253AB96200ECEE6E /* Products */;
			projectDirPath = "";
			projectRoot = "";
			targets = (
				25298007253AB96200ECEE6E /* test2 */,
				25298020253AB96400ECEE6E /* test2Tests */,
				2529802B253AB96400ECEE6E /* test2UITests */,
			);
		};
/* End PBXProject section */

/* Begin PBXResourcesBuildPhase section */
		25298006253AB96200ECEE6E /* Resources */ = {
			isa = PBXResourcesBuildPhase;
			buildActionMask = 2147483647;
			files = (
				2529801B253AB96400ECEE6E /* LaunchScreen.storyboard in Resources */,
				25298018253AB96400ECEE6E /* Assets.xcassets in Resources */,
				25298013253AB96200ECEE6E /* Main.storyboard in Resources */,
			);
			runOnlyForDeploymentPostprocessing = 0;
		};
		2529801F253AB96400ECEE6E /* Resources */ = {
			isa = PBXResourcesBuildPhase;
			buildActionMask = 2147483647;
			files = (
			);
			runOnlyForDeploymentPostprocessing = 0;
		};
		2529802A253AB96400ECEE6E /* Resources */ = {
			isa = PBXResourcesBuildPhase;
			buildActionMask = 2147483647;
			files = (
			);
			runOnlyForDeploymentPostprocessing = 0;
		};
/* End PBXResourcesBuildPhase section */

/* Begin PBXSourcesBuildPhase section */
		25298004253AB96200ECEE6E /* Sources */ = {
			isa = PBXSourcesBuildPhase;
			buildActionMask = 2147483647;
			files = (
				25298016253AB96200ECEE6E /* test2.xcdatamodeld in Sources */,
				25298010253AB96200ECEE6E /* ViewController.swift in Sources */,
				2529800C253AB96200ECEE6E /* AppDelegate.swift in Sources */,
				2529800E253AB96200ECEE6E /* SceneDelegate.swift in Sources */,
			);
			runOnlyForDeploymentPostprocessing = 0;
		};
		2529801D253AB96400ECEE6E /* Sources */ = {
			isa = PBXSourcesBuildPhase;
			buildActionMask = 2147483647;
			files = (
				25298026253AB96400ECEE6E /* test2Tests.swift in Sources */,
			);
			runOnlyForDeploymentPostprocessing = 0;
		};
		25298028253AB96400ECEE6E /* Sources */ = {
			isa = PBXSourcesBuildPhase;
			buildActionMask = 2147483647;
			files = (
				25298031253AB96400ECEE6E /* test2UITests.swift in Sources */,
			);
			runOnlyForDeploymentPostprocessing = 0;
		};
/* End PBXSourcesBuildPhase section */

/* Begin PBXTargetDependency section */
		25298023253AB96400ECEE6E /* PBXTargetDependency */ = {
			isa = PBXTargetDependency;
			target = 25298007253AB96200ECEE6E /* test2 */;
			targetProxy = 25298022253AB96400ECEE6E /* PBXContainerItemProxy */;
		};
		2529802E253AB96400ECEE6E /* PBXTargetDependency */ = {
			isa = PBXTargetDependency;
			target = 25298007253AB96200ECEE6E /* test2 */;
			targetProxy = 2529802D253AB96400ECEE6E /* PBXContainerItemProxy */;
		};
/* End PBXTargetDependency section */

/* Begin PBXVariantGroup section */
		25298011253AB96200ECEE6E /* Main.storyboard */ = {
			isa = PBXVariantGroup;
			children = (
				25298012253AB96200ECEE6E /* Base */,
			);
			name = Main.storyboard;
			sourceTree = "<group>";
		};
		25298019253AB96400ECEE6E /* LaunchScreen.storyboard */ = {
			isa = PBXVariantGroup;
			children = (
				2529801A253AB96400ECEE6E /* Base */,
			);
			name = LaunchScreen.storyboard;
			sourceTree = "<group>";
		};
/* End PBXVariantGroup section */

/* Begin XCBuildConfiguration section */
		25298033253AB96400ECEE6E /* Debug */ = {
			isa = XCBuildConfiguration;
			buildSettings = {
				ALWAYS_SEARCH_USER_PATHS = NO;
				CLANG_ANALYZER_NONNULL = YES;
				CLANG_ANALYZER_NUMBER_OBJECT_CONVERSION = YES_AGGRESSIVE;
				CLANG_CXX_LANGUAGE_STANDARD = "gnu++14";
				CLANG_CXX_LIBRARY = "libc++";
				CLANG_ENABLE_MODULES = YES;
				CLANG_ENABLE_OBJC_ARC = YES;
				CLANG_ENABLE_OBJC_WEAK = YES;
				CLANG_WARN_BLOCK_CAPTURE_AUTORELEASING = YES;
				CLANG_WARN_BOOL_CONVERSION = YES;
				CLANG_WARN_COMMA = YES;
				CLANG_WARN_CONSTANT_CONVERSION = YES;
				CLANG_WARN_DEPRECATED_OBJC_IMPLEMENTATIONS = YES;
				CLANG_WARN_DIRECT_OBJC_ISA_USAGE = YES_ERROR;
				CLANG_WARN_DOCUMENTATION_COMMENTS = YES;
				CLANG_WARN_EMPTY_BODY = YES;
				CLANG_WARN_ENUM_CONVERSION = YES;
				CLANG_WARN_INFINITE_RECURSION = YES;
				CLANG_WARN_INT_CONVERSION = YES;
				CLANG_WARN_NON_LITERAL_NULL_CONVERSION = YES;
				CLANG_WARN_OBJC_IMPLICIT_RETAIN_SELF = YES;
				CLANG_WARN_OBJC_LITERAL_CONVERSION = YES;
				CLANG_WARN_OBJC_ROOT_CLASS = YES_ERROR;
				CLANG_WARN_QUOTED_INCLUDE_IN_FRAMEWORK_HEADER = YES;
				CLANG_WARN_RANGE_LOOP_ANALYSIS = YES;
				CLANG_WARN_STRICT_PROTOTYPES = YES;
				CLANG_WARN_SUSPICIOUS_MOVE = YES;
				CLANG_WARN_UNGUARDED_AVAILABILITY = YES_AGGRESSIVE;
				CLANG_WARN_UNREACHABLE_CODE = YES;
				CLANG_WARN__DUPLICATE_METHOD_MATCH = YES;
				COPY_PHASE_STRIP = NO;
				DEBUG_INFORMATION_FORMAT = dwarf;
				ENABLE_STRICT_OBJC_MSGSEND = YES;
				ENABLE_TESTABILITY = YES;
				GCC_C_LANGUAGE_STANDARD = gnu11;
				GCC_DYNAMIC_NO_PIC = NO;
				GCC_NO_COMMON_BLOCKS = YES;
				GCC_OPTIMIZATION_LEVEL = 0;
				GCC_PREPROCESSOR_DEFINITIONS = (
					"DEBUG=1",
					"$(inherited)",
				);
				GCC_WARN_64_TO_32_BIT_CONVERSION = YES;
				GCC_WARN_ABOUT_RETURN_TYPE = YES_ERROR;
				GCC_WARN_UNDECLARED_SELECTOR = YES;
				GCC_WARN_UNINITIALIZED_AUTOS = YES_AGGRESSIVE;
				GCC_WARN_UNUSED_FUNCTION = YES;
				GCC_WARN_UNUSED_VARIABLE = YES;
				IPHONEOS_DEPLOYMENT_TARGET = 14.0;
				MTL_ENABLE_DEBUG_INFO = INCLUDE_SOURCE;
				MTL_FAST_MATH = YES;
				ONLY_ACTIVE_ARCH = YES;
				SDKROOT = iphoneos;
				SWIFT_ACTIVE_COMPILATION_CONDITIONS = DEBUG;
				SWIFT_OPTIMIZATION_LEVEL = "-Onone";
			};
			name = Debug;
		};
		25298034253AB96500ECEE6E /* Release */ = {
			isa = XCBuildConfiguration;
			buildSettings = {
				ALWAYS_SEARCH_USER_PATHS = NO;
				CLANG_ANALYZER_NONNULL = YES;
				CLANG_ANALYZER_NUMBER_OBJECT_CONVERSION = YES_AGGRESSIVE;
				CLANG_CXX_LANGUAGE_STANDARD = "gnu++14";
				CLANG_CXX_LIBRARY = "libc++";
				CLANG_ENABLE_MODULES = YES;
				CLANG_ENABLE_OBJC_ARC = YES;
				CLANG_ENABLE_OBJC_WEAK = YES;
				CLANG_WARN_BLOCK_CAPTURE_AUTORELEASING = YES;
				CLANG_WARN_BOOL_CONVERSION = YES;
				CLANG_WARN_COMMA = YES;
				CLANG_WARN_CONSTANT_CONVERSION = YES;
				CLANG_WARN_DEPRECATED_OBJC_IMPLEMENTATIONS = YES;
				CLANG_WARN_DIRECT_OBJC_ISA_USAGE = YES_ERROR;
				CLANG_WARN_DOCUMENTATION_COMMENTS = YES;
				CLANG_WARN_EMPTY_BODY = YES;
				CLANG_WARN_ENUM_CONVERSION = YES;
				CLANG_WARN_INFINITE_RECURSION = YES;
				CLANG_WARN_INT_CONVERSION = YES;
				CLANG_WARN_NON_LITERAL_NULL_CONVERSION = YES;
				CLANG_WARN_OBJC_IMPLICIT_RETAIN_SELF = YES;
				CLANG_WARN_OBJC_LITERAL_CONVERSION = YES;
				CLANG_WARN_OBJC_ROOT_CLASS = YES_ERROR;
				CLANG_WARN_QUOTED_INCLUDE_IN_FRAMEWORK_HEADER = YES;
				CLANG_WARN_RANGE_LOOP_ANALYSIS = YES;
				CLANG_WARN_STRICT_PROTOTYPES = YES;
				CLANG_WARN_SUSPICIOUS_MOVE = YES;
				CLANG_WARN_UNGUARDED_AVAILABILITY = YES_AGGRESSIVE;
				CLANG_WARN_UNREACHABLE_CODE = YES;
				CLANG_WARN__DUPLICATE_METHOD_MATCH = YES;
				COPY_PHASE_STRIP = NO;
				DEBUG_INFORMATION_FORMAT = "dwarf-with-dsym";
				ENABLE_NS_ASSERTIONS = NO;
				ENABLE_STRICT_OBJC_MSGSEND = YES;
				GCC_C_LANGUAGE_STANDARD = gnu11;
				GCC_NO_COMMON_BLOCKS = YES;
				GCC_WARN_64_TO_32_BIT_CONVERSION = YES;
				GCC_WARN_ABOUT_RETURN_TYPE = YES_ERROR;
				GCC_WARN_UNDECLARED_SELECTOR = YES;
				GCC_WARN_UNINITIALIZED_AUTOS = YES_AGGRESSIVE;
				GCC_WARN_UNUSED_FUNCTION = YES;
				GCC_WARN_UNUSED_VARIABLE = YES;
				IPHONEOS_DEPLOYMENT_TARGET = 14.0;
				MTL_ENABLE_DEBUG_INFO = NO;
				MTL_FAST_MATH = YES;
				SDKROOT = iphoneos;
				SWIFT_COMPILATION_MODE = wholemodule;
				SWIFT_OPTIMIZATION_LEVEL = "-O";
				VALIDATE_PRODUCT = YES;
			};
			name = Release;
		};
		25298036253AB96500ECEE6E /* Debug */ = {
			isa = XCBuildConfiguration;
			buildSettings = {
				ASSETCATALOG_COMPILER_APPICON_NAME = AppIcon;
				ASSETCATALOG_COMPILER_GLOBAL_ACCENT_COLOR_NAME = AccentColor;
				CODE_SIGN_STYLE = Automatic;
				INFOPLIST_FILE = test2/Info.plist;
				LD_RUNPATH_SEARCH_PATHS = (
					"$(inherited)",
					"@executable_path/Frameworks",
				);
				PRODUCT_BUNDLE_IDENTIFIER = taetae.test2;
				PRODUCT_NAME = "$(TARGET_NAME)";
				SWIFT_VERSION = 5.0;
				TARGETED_DEVICE_FAMILY = "1,2";
			};
			name = Debug;
		};
		25298037253AB96500ECEE6E /* Release */ = {
			isa = XCBuildConfiguration;
			buildSettings = {
				ASSETCATALOG_COMPILER_APPICON_NAME = AppIcon;
				ASSETCATALOG_COMPILER_GLOBAL_ACCENT_COLOR_NAME = AccentColor;
				CODE_SIGN_STYLE = Automatic;
				INFOPLIST_FILE = test2/Info.plist;
				LD_RUNPATH_SEARCH_PATHS = (
					"$(inherited)",
					"@executable_path/Frameworks",
				);
				PRODUCT_BUNDLE_IDENTIFIER = taetae.test2;
				PRODUCT_NAME = "$(TARGET_NAME)";
				SWIFT_VERSION = 5.0;
				TARGETED_DEVICE_FAMILY = "1,2";
			};
			name = Release;
		};
		25298039253AB96500ECEE6E /* Debug */ = {
			isa = XCBuildConfiguration;
			buildSettings = {
				ALWAYS_EMBED_SWIFT_STANDARD_LIBRARIES = YES;
				BUNDLE_LOADER = "$(TEST_HOST)";
				CODE_SIGN_STYLE = Automatic;
				INFOPLIST_FILE = test2Tests/Info.plist;
				IPHONEOS_DEPLOYMENT_TARGET = 14.0;
				LD_RUNPATH_SEARCH_PATHS = (
					"$(inherited)",
					"@executable_path/Frameworks",
					"@loader_path/Frameworks",
				);
				PRODUCT_BUNDLE_IDENTIFIER = taetae.test2Tests;
				PRODUCT_NAME = "$(TARGET_NAME)";
				SWIFT_VERSION = 5.0;
				TARGETED_DEVICE_FAMILY = "1,2";
				TEST_HOST = "$(BUILT_PRODUCTS_DIR)/test2.app/test2";
			};
			name = Debug;
		};
		2529803A253AB96500ECEE6E /* Release */ = {
			isa = XCBuildConfiguration;
			buildSettings = {
				ALWAYS_EMBED_SWIFT_STANDARD_LIBRARIES = YES;
				BUNDLE_LOADER = "$(TEST_HOST)";
				CODE_SIGN_STYLE = Automatic;
				INFOPLIST_FILE = test2Tests/Info.plist;
				IPHONEOS_DEPLOYMENT_TARGET = 14.0;
				LD_RUNPATH_SEARCH_PATHS = (
					"$(inherited)",
					"@executable_path/Frameworks",
					"@loader_path/Frameworks",
				);
				PRODUCT_BUNDLE_IDENTIFIER = taetae.test2Tests;
				PRODUCT_NAME = "$(TARGET_NAME)";
				SWIFT_VERSION = 5.0;
				TARGETED_DEVICE_FAMILY = "1,2";
				TEST_HOST = "$(BUILT_PRODUCTS_DIR)/test2.app/test2";
			};
			name = Release;
		};
		2529803C253AB96500ECEE6E /* Debug */ = {
			isa = XCBuildConfiguration;
			buildSettings = {
				ALWAYS_EMBED_SWIFT_STANDARD_LIBRARIES = YES;
				CODE_SIGN_STYLE = Automatic;
				INFOPLIST_FILE = test2UITests/Info.plist;
				LD_RUNPATH_SEARCH_PATHS = (
					"$(inherited)",
					"@executable_path/Frameworks",
					"@loader_path/Frameworks",
				);
				PRODUCT_BUNDLE_IDENTIFIER = taetae.test2UITests;
				PRODUCT_NAME = "$(TARGET_NAME)";
				SWIFT_VERSION = 5.0;
				TARGETED_DEVICE_FAMILY = "1,2";
				TEST_TARGET_NAME = test2;
			};
			name = Debug;
		};
		2529803D253AB96500ECEE6E /* Release */ = {
			isa = XCBuildConfiguration;
			buildSettings = {
				ALWAYS_EMBED_SWIFT_STANDARD_LIBRARIES = YES;
				CODE_SIGN_STYLE = Automatic;
				INFOPLIST_FILE = test2UITests/Info.plist;
				LD_RUNPATH_SEARCH_PATHS = (
					"$(inherited)",
					"@executable_path/Frameworks",
					"@loader_path/Frameworks",
				);
				PRODUCT_BUNDLE_IDENTIFIER = taetae.test2UITests;
				PRODUCT_NAME = "$(TARGET_NAME)";
				SWIFT_VERSION = 5.0;
				TARGETED_DEVICE_FAMILY = "1,2";
				TEST_TARGET_NAME = test2;
			};
			name = Release;
		};
/* End XCBuildConfiguration section */

/* Begin XCConfigurationList section */
		25298003253AB96200ECEE6E /* Build configuration list for PBXProject "test2" */ = {
			isa = XCConfigurationList;
			buildConfigurations = (
				25298033253AB96400ECEE6E /* Debug */,
				25298034253AB96500ECEE6E /* Release */,
			);
			defaultConfigurationIsVisible = 0;
			defaultConfigurationName = Release;
		};
		25298035253AB96500ECEE6E /* Build configuration list for PBXNativeTarget "test2" */ = {
			isa = XCConfigurationList;
			buildConfigurations = (
				25298036253AB96500ECEE6E /* Debug */,
				25298037253AB96500ECEE6E /* Release */,
			);
			defaultConfigurationIsVisible = 0;
			defaultConfigurationName = Release;
		};
		25298038253AB96500ECEE6E /* Build configuration list for PBXNativeTarget "test2Tests" */ = {
			isa = XCConfigurationList;
			buildConfigurations = (
				25298039253AB96500ECEE6E /* Debug */,
				2529803A253AB96500ECEE6E /* Release */,
			);
			defaultConfigurationIsVisible = 0;
			defaultConfigurationName = Release;
		};
		2529803B253AB96500ECEE6E /* Build configuration list for PBXNativeTarget "test2UITests" */ = {
			isa = XCConfigurationList;
			buildConfigurations = (
				2529803C253AB96500ECEE6E /* Debug */,
				2529803D253AB96500ECEE6E /* Release */,
			);
			defaultConfigurationIsVisible = 0;
			defaultConfigurationName = Release;
		};
/* End XCConfigurationList section */

/* Begin XCVersionGroup section */
		25298014253AB96200ECEE6E /* test2.xcdatamodeld */ = {
			isa = XCVersionGroup;
			children = (
				25298015253AB96200ECEE6E /* test2.xcdatamodel */,
			);
			currentVersion = 25298015253AB96200ECEE6E /* test2.xcdatamodel */;
			path = test2.xcdatamodeld;
			sourceTree = "<group>";
			versionGroupType = wrapper.xcdatamodel;
		};
/* End XCVersionGroup section */
	};
	rootObject = 25298000253AB96200ECEE6E /* Project object */;
}
